// !$*UTF8*$!
{
	archiveVersion = 1;
	classes = {
	};
	objectVersion = 77;
	objects = {

/* Begin PBXBuildFile section */
		5A1694292DC62E2800245881 /* FirebaseAnalytics in Frameworks */ = {isa = PBXBuildFile; productRef = 5A1694282DC62E2800245881 /* FirebaseAnalytics */; };
		5A16942B2DC62E2800245881 /* FirebaseAnalyticsOnDeviceConversion in Frameworks */ = {isa = PBXBuildFile; productRef = 5A16942A2DC62E2800245881 /* FirebaseAnalyticsOnDeviceConversion */; };
		5A16942D2DC62E2800245881 /* FirebaseAnalyticsWithoutAdIdSupport in Frameworks */ = {isa = PBXBuildFile; productRef = 5A16942C2DC62E2800245881 /* FirebaseAnalyticsWithoutAdIdSupport */; };
		5A16942F2DC62E2800245881 /* FirebaseAppCheck in Frameworks */ = {isa = PBXBuildFile; productRef = 5A16942E2DC62E2800245881 /* FirebaseAppCheck */; };
		5A1694312DC62E2800245881 /* FirebaseAppDistribution-Beta in Frameworks */ = {isa = PBXBuildFile; productRef = 5A1694302DC62E2800245881 /* FirebaseAppDistribution-Beta */; };
		5A1694332DC62E2800245881 /* FirebaseAuth in Frameworks */ = {isa = PBXBuildFile; productRef = 5A1694322DC62E2800245881 /* FirebaseAuth */; };
		5A1694372DC62E2800245881 /* FirebaseCore in Frameworks */ = {isa = PBXBuildFile; productRef = 5A1694362DC62E2800245881 /* FirebaseCore */; };
		5A1694392DC62E2800245881 /* FirebaseCrashlytics in Frameworks */ = {isa = PBXBuildFile; productRef = 5A1694382DC62E2800245881 /* FirebaseCrashlytics */; };
		5A16943B2DC62E2800245881 /* FirebaseDatabase in Frameworks */ = {isa = PBXBuildFile; productRef = 5A16943A2DC62E2800245881 /* FirebaseDatabase */; };
		5A16943D2DC62E2800245881 /* FirebaseDynamicLinks in Frameworks */ = {isa = PBXBuildFile; productRef = 5A16943C2DC62E2800245881 /* FirebaseDynamicLinks */; };
		5A16943F2DC62E2800245881 /* FirebaseFirestore in Frameworks */ = {isa = PBXBuildFile; productRef = 5A16943E2DC62E2800245881 /* FirebaseFirestore */; };
		5A1694432DC62E2800245881 /* FirebaseFunctions in Frameworks */ = {isa = PBXBuildFile; productRef = 5A1694422DC62E2800245881 /* FirebaseFunctions */; };
		5A1694472DC62E2800245881 /* FirebaseInAppMessaging-Beta in Frameworks */ = {isa = PBXBuildFile; productRef = 5A1694462DC62E2800245881 /* FirebaseInAppMessaging-Beta */; };
		5A1694492DC62E2800245881 /* FirebaseInstallations in Frameworks */ = {isa = PBXBuildFile; productRef = 5A1694482DC62E2800245881 /* FirebaseInstallations */; };
		5A16944B2DC62E2800245881 /* FirebaseMLModelDownloader in Frameworks */ = {isa = PBXBuildFile; productRef = 5A16944A2DC62E2800245881 /* FirebaseMLModelDownloader */; };
		5A16944D2DC62E2800245881 /* FirebaseMessaging in Frameworks */ = {isa = PBXBuildFile; productRef = 5A16944C2DC62E2800245881 /* FirebaseMessaging */; };
		5A16944F2DC62E2800245881 /* FirebasePerformance in Frameworks */ = {isa = PBXBuildFile; productRef = 5A16944E2DC62E2800245881 /* FirebasePerformance */; };
		5A1694512DC62E2800245881 /* FirebaseRemoteConfig in Frameworks */ = {isa = PBXBuildFile; productRef = 5A1694502DC62E2800245881 /* FirebaseRemoteConfig */; };
		5A1694532DC62E2800245881 /* FirebaseStorage in Frameworks */ = {isa = PBXBuildFile; productRef = 5A1694522DC62E2800245881 /* FirebaseStorage */; };
		5A1694572DC62E2800245881 /* FirebaseVertexAI in Frameworks */ = {isa = PBXBuildFile; productRef = 5A1694562DC62E2800245881 /* FirebaseVertexAI */; };
		5A6E74A32DC6901B0016751B /* analytics in Frameworks */ = {isa = PBXBuildFile; productRef = 5A6E74A22DC6901B0016751B /* analytics */; };
		5A6E74A62DC690D20016751B /* common in Frameworks */ = {isa = PBXBuildFile; productRef = 5A6E74A52DC690D20016751B /* common */; };
		5A6E74A92DC691430016751B /* data in Frameworks */ = {isa = PBXBuildFile; productRef = 5A6E74A82DC691430016751B /* data */; };
		5A6E74AC2DC691D00016751B /* database in Frameworks */ = {isa = PBXBuildFile; productRef = 5A6E74AB2DC691D00016751B /* database */; };
		5A6E74AF2DC692400016751B /* domain in Frameworks */ = {isa = PBXBuildFile; productRef = 5A6E74AE2DC692400016751B /* domain */; };
		5A6E74B22DC6934B0016751B /* model in Frameworks */ = {isa = PBXBuildFile; productRef = 5A6E74B12DC6934B0016751B /* model */; };
		5A6E74B52DC6939A0016751B /* network in Frameworks */ = {isa = PBXBuildFile; productRef = 5A6E74B42DC6939A0016751B /* network */; };
		5A6E74B82DC693CD0016751B /* notifications in Frameworks */ = {isa = PBXBuildFile; productRef = 5A6E74B72DC693CD0016751B /* notifications */; };
		5A6E74BB2DC693F50016751B /* security in Frameworks */ = {isa = PBXBuildFile; productRef = 5A6E74BA2DC693F50016751B /* security */; };
		5A6E74BE2DC694400016751B /* testing in Frameworks */ = {isa = PBXBuildFile; productRef = 5A6E74BD2DC694400016751B /* testing */; };
		5A6E74C12DC694840016751B /* ui in Frameworks */ = {isa = PBXBuildFile; productRef = 5A6E74C02DC694840016751B /* ui */; };
		5A6E74C42DC695170016751B /* chats in Frameworks */ = {isa = PBXBuildFile; productRef = 5A6E74C32DC695170016751B /* chats */; };
		5A6E74C72DC695650016751B /* comments in Frameworks */ = {isa = PBXBuildFile; productRef = 5A6E74C62DC695650016751B /* comments */; };
		5A6E74CA2DC695C50016751B /* favorites in Frameworks */ = {isa = PBXBuildFile; productRef = 5A6E74C92DC695C50016751B /* favorites */; };
		5A6E74CD2DC695FF0016751B /* home in Frameworks */ = {isa = PBXBuildFile; productRef = 5A6E74CC2DC695FF0016751B /* home */; };
		5A6E74D02DC6969F0016751B /* intelligence in Frameworks */ = {isa = PBXBuildFile; productRef = 5A6E74CF2DC6969F0016751B /* intelligence */; };
		5A6E74D32DC696CA0016751B /* market in Frameworks */ = {isa = PBXBuildFile; productRef = 5A6E74D22DC696CA0016751B /* market */; };
		5A6E74D62DC696ED0016751B /* payments in Frameworks */ = {isa = PBXBuildFile; productRef = 5A6E74D52DC696ED0016751B /* payments */; };
		5A6E74D92DC6970A0016751B /* player in Frameworks */ = {isa = PBXBuildFile; productRef = 5A6E74D82DC6970A0016751B /* player */; };
		5A6E74DC2DC697270016751B /* profile in Frameworks */ = {isa = PBXBuildFile; productRef = 5A6E74DB2DC697270016751B /* profile */; };
		5A6E74DF2DC6974A0016751B /* property in Frameworks */ = {isa = PBXBuildFile; productRef = 5A6E74DE2DC6974A0016751B /* property */; };
		5A6E74E22DC6976B0016751B /* search in Frameworks */ = {isa = PBXBuildFile; productRef = 5A6E74E12DC6976B0016751B /* search */; };
		5A6E74E52DC697B70016751B /* service in Frameworks */ = {isa = PBXBuildFile; productRef = 5A6E74E42DC697B70016751B /* service */; };
		5A6E74E82DC697DD0016751B /* settings in Frameworks */ = {isa = PBXBuildFile; productRef = 5A6E74E72DC697DD0016751B /* settings */; };
		5A9B9D952DCF810D00835345 /* model in Frameworks */ = {isa = PBXBuildFile; productRef = 5A9B9D942DCF810D00835345 /* model */; };
		5A9B9D972DCF93C700835345 /* Launch Screen.storyboard in Resources */ = {isa = PBXBuildFile; fileRef = 5A9B9D962DCF93C700835345 /* Launch Screen.storyboard */; };
		5A9F4EE12DC65C7F00587413 /* auth in Frameworks */ = {isa = PBXBuildFile; productRef = 5A9F4EE02DC65C7F00587413 /* auth */; };
/* End PBXBuildFile section */

/* Begin PBXContainerItemProxy section */
		5AA8A6612DC3952200F71CEF /* PBXContainerItemProxy */ = {
			isa = PBXContainerItemProxy;
			containerPortal = 5AA8A64B2DC3952000F71CEF /* Project object */;
			proxyType = 1;
			remoteGlobalIDString = 5AA8A6522DC3952000F71CEF;
			remoteInfo = estatia;
		};
		5AA8A66B2DC3952200F71CEF /* PBXContainerItemProxy */ = {
			isa = PBXContainerItemProxy;
			containerPortal = 5AA8A64B2DC3952000F71CEF /* Project object */;
			proxyType = 1;
			remoteGlobalIDString = 5AA8A6522DC3952000F71CEF;
			remoteInfo = estatia;
		};
/* End PBXContainerItemProxy section */

/* Begin PBXCopyFilesBuildPhase section */
		5ADA02A82F0371E00071E1DF /* Embed Frameworks */ = {
			isa = PBXCopyFilesBuildPhase;
			buildActionMask = 2147483647;
			dstPath = "";
			dstSubfolderSpec = 10;
			files = (
			);
			name = "Embed Frameworks";
			runOnlyForDeploymentPostprocessing = 0;
		};
/* End PBXCopyFilesBuildPhase section */

/* Begin PBXFileReference section */
		5A9B9D962DCF93C700835345 /* Launch Screen.storyboard */ = {isa = PBXFileReference; lastKnownFileType = file.storyboard; path = "Launch Screen.storyboard"; sourceTree = "<group>"; };
		5AA8A6532DC3952000F71CEF /* estatia.app */ = {isa = PBXFileReference; explicitFileType = wrapper.application; includeInIndex = 0; path = estatia.app; sourceTree = BUILT_PRODUCTS_DIR; };
		5AA8A6602DC3952200F71CEF /* estatiaTests.xctest */ = {isa = PBXFileReference; explicitFileType = wrapper.cfbundle; includeInIndex = 0; path = estatiaTests.xctest; sourceTree = BUILT_PRODUCTS_DIR; };
		5AA8A66A2DC3952200F71CEF /* estatiaUITests.xctest */ = {isa = PBXFileReference; explicitFileType = wrapper.cfbundle; includeInIndex = 0; path = estatiaUITests.xctest; sourceTree = BUILT_PRODUCTS_DIR; };
		5AA8A6892DC398E700F71CEF /* home */ = {isa = PBXFileReference; lastKnownFileType = wrapper; path = home; sourceTree = "<group>"; };
		5AA8A68A2DC3991B00F71CEF /* profile */ = {isa = PBXFileReference; lastKnownFileType = wrapper; path = profile; sourceTree = "<group>"; };
		5AA8A68B2DC3996300F71CEF /* data */ = {isa = PBXFileReference; lastKnownFileType = wrapper; path = data; sourceTree = "<group>"; };
		5AA8A68C2DC3999600F71CEF /* ui */ = {isa = PBXFileReference; lastKnownFileType = wrapper; path = ui; sourceTree = "<group>"; };
		5AA8A68D2DC399D500F71CEF /* database */ = {isa = PBXFileReference; lastKnownFileType = wrapper; path = database; sourceTree = "<group>"; };
		5AA8A68E2DC39A1700F71CEF /* network */ = {isa = PBXFileReference; lastKnownFileType = wrapper; path = network; sourceTree = "<group>"; };
		5AA8A68F2DC39A5100F71CEF /* domain */ = {isa = PBXFileReference; lastKnownFileType = wrapper; path = domain; sourceTree = "<group>"; };
		5AA8A6902DC39A8400F71CEF /* common */ = {isa = PBXFileReference; lastKnownFileType = wrapper; path = common; sourceTree = "<group>"; };
		5AA8A6912DC39AF200F71CEF /* analytics */ = {isa = PBXFileReference; lastKnownFileType = wrapper; path = analytics; sourceTree = "<group>"; };
		5AA8A6922DC39B2700F71CEF /* security */ = {isa = PBXFileReference; lastKnownFileType = wrapper; path = security; sourceTree = "<group>"; };
		5AA8A6932DC39B6400F71CEF /* model */ = {isa = PBXFileReference; lastKnownFileType = wrapper; path = model; sourceTree = "<group>"; };
		5AA8A6942DC39BA200F71CEF /* notifications */ = {isa = PBXFileReference; lastKnownFileType = wrapper; path = notifications; sourceTree = "<group>"; };
		5AA8A6952DC39C1100F71CEF /* auth */ = {isa = PBXFileReference; lastKnownFileType = wrapper; path = auth; sourceTree = "<group>"; };
		5AA8A6962DC39C5200F71CEF /* chats */ = {isa = PBXFileReference; lastKnownFileType = wrapper; path = chats; sourceTree = "<group>"; };
		5AA8A6972DC39C8000F71CEF /* comments */ = {isa = PBXFileReference; lastKnownFileType = wrapper; path = comments; sourceTree = "<group>"; };
		5AA8A6982DC39CB000F71CEF /* favorites */ = {isa = PBXFileReference; lastKnownFileType = wrapper; path = favorites; sourceTree = "<group>"; };
		5AA8A6992DC39CE700F71CEF /* intelligence */ = {isa = PBXFileReference; lastKnownFileType = wrapper; path = intelligence; sourceTree = "<group>"; };
		5AA8A69A2DC39D1800F71CEF /* market */ = {isa = PBXFileReference; lastKnownFileType = wrapper; path = market; sourceTree = "<group>"; };
		5AA8A69B2DC39D4A00F71CEF /* payments */ = {isa = PBXFileReference; lastKnownFileType = wrapper; path = payments; sourceTree = "<group>"; };
		5AA8A69C2DC39D7C00F71CEF /* player */ = {isa = PBXFileReference; lastKnownFileType = wrapper; path = player; sourceTree = "<group>"; };
		5AA8A69D2DC39DC000F71CEF /* property */ = {isa = PBXFileReference; lastKnownFileType = wrapper; path = property; sourceTree = "<group>"; };
		5AA8A69E2DC39E0600F71CEF /* search */ = {isa = PBXFileReference; lastKnownFileType = wrapper; path = search; sourceTree = "<group>"; };
		5AA8A69F2DC39E3F00F71CEF /* service */ = {isa = PBXFileReference; lastKnownFileType = wrapper; path = service; sourceTree = "<group>"; };
		5AA8A6A02DC39E6C00F71CEF /* settings */ = {isa = PBXFileReference; lastKnownFileType = wrapper; path = settings; sourceTree = "<group>"; };
		5AA8A6A12DC39EC700F71CEF /* testing */ = {isa = PBXFileReference; lastKnownFileType = wrapper; path = testing; sourceTree = "<group>"; };
/* End PBXFileReference section */

/* Begin PBXFileSystemSynchronizedRootGroup section */
		5AA8A6552DC3952000F71CEF /* estatia */ = {
			isa = PBXFileSystemSynchronizedRootGroup;
			path = estatia;
			sourceTree = "<group>";
		};
		5AA8A6632DC3952200F71CEF /* estatiaTests */ = {
			isa = PBXFileSystemSynchronizedRootGroup;
			path = estatiaTests;
			sourceTree = "<group>";
		};
		5AA8A66D2DC3952200F71CEF /* estatiaUITests */ = {
			isa = PBXFileSystemSynchronizedRootGroup;
			path = estatiaUITests;
			sourceTree = "<group>";
		};
		5ADA029F2F0371E00071E1DF /* Core */ = {
			isa = PBXFileSystemSynchronizedRootGroup;
			path = Core;
			sourceTree = "<group>";
		};
		5ADA02C82F0371FE0071E1DF /* Feature */ = {
			isa = PBXFileSystemSynchronizedRootGroup;
			path = Feature;
			sourceTree = "<group>";
		};
/* End PBXFileSystemSynchronizedRootGroup section */

/* Begin PBXFrameworksBuildPhase section */
		5AA8A6502DC3952000F71CEF /* Frameworks */ = {
			isa = PBXFrameworksBuildPhase;
			buildActionMask = 2147483647;
			files = (
				5A6E74DC2DC697270016751B /* profile in Frameworks */,
				5A1694572DC62E2800245881 /* FirebaseVertexAI in Frameworks */,
				5A1694432DC62E2800245881 /* FirebaseFunctions in Frameworks */,
				5A16944F2DC62E2800245881 /* FirebasePerformance in Frameworks */,
				5A6E74BB2DC693F50016751B /* security in Frameworks */,
				5A6E74CD2DC695FF0016751B /* home in Frameworks */,
				5A6E74C42DC695170016751B /* chats in Frameworks */,
				5A6E74D92DC6970A0016751B /* player in Frameworks */,
				5A6E74E22DC6976B0016751B /* search in Frameworks */,
				5A9F4EE12DC65C7F00587413 /* auth in Frameworks */,
				5A6E74B82DC693CD0016751B /* notifications in Frameworks */,
				5A1694512DC62E2800245881 /* FirebaseRemoteConfig in Frameworks */,
				5A6E74A62DC690D20016751B /* common in Frameworks */,
				5A16943B2DC62E2800245881 /* FirebaseDatabase in Frameworks */,
				5A6E74C72DC695650016751B /* comments in Frameworks */,
				5A16943D2DC62E2800245881 /* FirebaseDynamicLinks in Frameworks */,
				5A16942F2DC62E2800245881 /* FirebaseAppCheck in Frameworks */,
				5A6E74D32DC696CA0016751B /* market in Frameworks */,
				5A1694332DC62E2800245881 /* FirebaseAuth in Frameworks */,
				5A1694292DC62E2800245881 /* FirebaseAnalytics in Frameworks */,
				5A16943F2DC62E2800245881 /* FirebaseFirestore in Frameworks */,
				5A16944D2DC62E2800245881 /* FirebaseMessaging in Frameworks */,
				5A6E74E52DC697B70016751B /* service in Frameworks */,
				5A1694492DC62E2800245881 /* FirebaseInstallations in Frameworks */,
				5A9B9D952DCF810D00835345 /* model in Frameworks */,
				5A6E74B52DC6939A0016751B /* network in Frameworks */,
				5A1694312DC62E2800245881 /* FirebaseAppDistribution-Beta in Frameworks */,
				5A16942D2DC62E2800245881 /* FirebaseAnalyticsWithoutAdIdSupport in Frameworks */,
				5A1694472DC62E2800245881 /* FirebaseInAppMessaging-Beta in Frameworks */,
				5A6E74D62DC696ED0016751B /* payments in Frameworks */,
				5A6E74BE2DC694400016751B /* testing in Frameworks */,
				5A6E74AF2DC692400016751B /* domain in Frameworks */,
				5A6E74A32DC6901B0016751B /* analytics in Frameworks */,
				5A6E74D02DC6969F0016751B /* intelligence in Frameworks */,
				5A6E74AC2DC691D00016751B /* database in Frameworks */,
				5A6E74E82DC697DD0016751B /* settings in Frameworks */,
				5A6E74CA2DC695C50016751B /* favorites in Frameworks */,
				5A6E74DF2DC6974A0016751B /* property in Frameworks */,
				5A6E74C12DC694840016751B /* ui in Frameworks */,
				5A6E74A92DC691430016751B /* data in Frameworks */,
				5A1694392DC62E2800245881 /* FirebaseCrashlytics in Frameworks */,
				5A16944B2DC62E2800245881 /* FirebaseMLModelDownloader in Frameworks */,
				5A6E74B22DC6934B0016751B /* model in Frameworks */,
				5A1694532DC62E2800245881 /* FirebaseStorage in Frameworks */,
				5A1694372DC62E2800245881 /* FirebaseCore in Frameworks */,
				5A16942B2DC62E2800245881 /* FirebaseAnalyticsOnDeviceConversion in Frameworks */,
			);
			runOnlyForDeploymentPostprocessing = 0;
		};
		5AA8A65D2DC3952200F71CEF /* Frameworks */ = {
			isa = PBXFrameworksBuildPhase;
			buildActionMask = 2147483647;
			files = (
			);
			runOnlyForDeploymentPostprocessing = 0;
		};
		5AA8A6672DC3952200F71CEF /* Frameworks */ = {
			isa = PBXFrameworksBuildPhase;
			buildActionMask = 2147483647;
			files = (
			);
			runOnlyForDeploymentPostprocessing = 0;
		};
/* End PBXFrameworksBuildPhase section */

/* Begin PBXGroup section */
		5AA8A64A2DC3952000F71CEF = {
			isa = PBXGroup;
			children = (
				5A9B9D962DCF93C700835345 /* Launch Screen.storyboard */,
				5AA8A6882DC398B800F71CEF /* core */,
				5AA8A6862DC3985100F71CEF /* feature */,
				5AA8A6552DC3952000F71CEF /* estatia */,
				5AA8A6632DC3952200F71CEF /* estatiaTests */,
				5AA8A66D2DC3952200F71CEF /* estatiaUITests */,
				5ADA029F2F0371E00071E1DF /* Core */,
				5ADA02C82F0371FE0071E1DF /* Feature */,
				5AA8A6542DC3952000F71CEF /* Products */,
			);
			sourceTree = "<group>";
		};
		5AA8A6542DC3952000F71CEF /* Products */ = {
			isa = PBXGroup;
			children = (
				5AA8A6532DC3952000F71CEF /* estatia.app */,
				5AA8A6602DC3952200F71CEF /* estatiaTests.xctest */,
				5AA8A66A2DC3952200F71CEF /* estatiaUITests.xctest */,
			);
			name = Products;
			sourceTree = "<group>";
		};
		5AA8A6862DC3985100F71CEF /* feature */ = {
			isa = PBXGroup;
			children = (
				5AA8A6A02DC39E6C00F71CEF /* settings */,
				5AA8A69F2DC39E3F00F71CEF /* service */,
				5AA8A69E2DC39E0600F71CEF /* search */,
				5AA8A69D2DC39DC000F71CEF /* property */,
				5AA8A69C2DC39D7C00F71CEF /* player */,
				5AA8A69B2DC39D4A00F71CEF /* payments */,
				5AA8A69A2DC39D1800F71CEF /* market */,
				5AA8A6992DC39CE700F71CEF /* intelligence */,
				5AA8A6982DC39CB000F71CEF /* favorites */,
				5AA8A6972DC39C8000F71CEF /* comments */,
				5AA8A6962DC39C5200F71CEF /* chats */,
				5AA8A6952DC39C1100F71CEF /* auth */,
				5AA8A68A2DC3991B00F71CEF /* profile */,
				5AA8A6892DC398E700F71CEF /* home */,
			);
			path = feature;
			sourceTree = "<group>";
		};
		5AA8A6882DC398B800F71CEF /* core */ = {
			isa = PBXGroup;
			children = (
				5AA8A6A12DC39EC700F71CEF /* testing */,
				5AA8A6942DC39BA200F71CEF /* notifications */,
				5AA8A6932DC39B6400F71CEF /* model */,
				5AA8A6922DC39B2700F71CEF /* security */,
				5AA8A6912DC39AF200F71CEF /* analytics */,
				5AA8A6902DC39A8400F71CEF /* common */,
				5AA8A68F2DC39A5100F71CEF /* domain */,
				5AA8A68E2DC39A1700F71CEF /* network */,
				5AA8A68D2DC399D500F71CEF /* database */,
				5AA8A68C2DC3999600F71CEF /* ui */,
				5AA8A68B2DC3996300F71CEF /* data */,
			);
			path = core;
			sourceTree = "<group>";
		};
/* End PBXGroup section */

/* Begin PBXNativeTarget section */
		5AA8A6522DC3952000F71CEF /* estatia */ = {
			isa = PBXNativeTarget;
			buildConfigurationList = 5AA8A6742DC3952200F71CEF /* Build configuration list for PBXNativeTarget "estatia" */;
			buildPhases = (
				5AA8A64F2DC3952000F71CEF /* Sources */,
				5AA8A6502DC3952000F71CEF /* Frameworks */,
				5AA8A6512DC3952000F71CEF /* Resources */,
				5ADA02A82F0371E00071E1DF /* Embed Frameworks */,
			);
			buildRules = (
			);
			dependencies = (
			);
			fileSystemSynchronizedGroups = (
				5AA8A6552DC3952000F71CEF /* estatia */,
			);
			name = estatia;
			packageProductDependencies = (
				5A1694282DC62E2800245881 /* FirebaseAnalytics */,
				5A16942A2DC62E2800245881 /* FirebaseAnalyticsOnDeviceConversion */,
				5A16942C2DC62E2800245881 /* FirebaseAnalyticsWithoutAdIdSupport */,
				5A16942E2DC62E2800245881 /* FirebaseAppCheck */,
				5A1694302DC62E2800245881 /* FirebaseAppDistribution-Beta */,
				5A1694322DC62E2800245881 /* FirebaseAuth */,
				5A1694362DC62E2800245881 /* FirebaseCore */,
				5A1694382DC62E2800245881 /* FirebaseCrashlytics */,
				5A16943A2DC62E2800245881 /* FirebaseDatabase */,
				5A16943C2DC62E2800245881 /* FirebaseDynamicLinks */,
				5A16943E2DC62E2800245881 /* FirebaseFirestore */,
				5A1694422DC62E2800245881 /* FirebaseFunctions */,
				5A1694462DC62E2800245881 /* FirebaseInAppMessaging-Beta */,
				5A1694482DC62E2800245881 /* FirebaseInstallations */,
				5A16944A2DC62E2800245881 /* FirebaseMLModelDownloader */,
				5A16944C2DC62E2800245881 /* FirebaseMessaging */,
				5A16944E2DC62E2800245881 /* FirebasePerformance */,
				5A1694502DC62E2800245881 /* FirebaseRemoteConfig */,
				5A1694522DC62E2800245881 /* FirebaseStorage */,
				5A1694562DC62E2800245881 /* FirebaseVertexAI */,
				5A9F4EE02DC65C7F00587413 /* auth */,
				5A6E74A22DC6901B0016751B /* analytics */,
				5A6E74A52DC690D20016751B /* common */,
				5A6E74A82DC691430016751B /* data */,
				5A6E74AB2DC691D00016751B /* database */,
				5A6E74AE2DC692400016751B /* domain */,
				5A6E74B12DC6934B0016751B /* model */,
				5A6E74B42DC6939A0016751B /* network */,
				5A6E74B72DC693CD0016751B /* notifications */,
				5A6E74BA2DC693F50016751B /* security */,
				5A6E74BD2DC694400016751B /* testing */,
				5A6E74C02DC694840016751B /* ui */,
				5A6E74C32DC695170016751B /* chats */,
				5A6E74C62DC695650016751B /* comments */,
				5A6E74C92DC695C50016751B /* favorites */,
				5A6E74CC2DC695FF0016751B /* home */,
				5A6E74CF2DC6969F0016751B /* intelligence */,
				5A6E74D22DC696CA0016751B /* market */,
				5A6E74D52DC696ED0016751B /* payments */,
				5A6E74D82DC6970A0016751B /* player */,
				5A6E74DB2DC697270016751B /* profile */,
				5A6E74DE2DC6974A0016751B /* property */,
				5A6E74E12DC6976B0016751B /* search */,
				5A6E74E42DC697B70016751B /* service */,
				5A6E74E72DC697DD0016751B /* settings */,
				5A9B9D942DCF810D00835345 /* model */,
			);
			productName = estatia;
			productReference = 5AA8A6532DC3952000F71CEF /* estatia.app */;
			productType = "com.apple.product-type.application";
		};
		5AA8A65F2DC3952200F71CEF /* estatiaTests */ = {
			isa = PBXNativeTarget;
			buildConfigurationList = 5AA8A6772DC3952200F71CEF /* Build configuration list for PBXNativeTarget "estatiaTests" */;
			buildPhases = (
				5AA8A65C2DC3952200F71CEF /* Sources */,
				5AA8A65D2DC3952200F71CEF /* Frameworks */,
				5AA8A65E2DC3952200F71CEF /* Resources */,
			);
			buildRules = (
			);
			dependencies = (
				5AA8A6622DC3952200F71CEF /* PBXTargetDependency */,
			);
			fileSystemSynchronizedGroups = (
				5AA8A6632DC3952200F71CEF /* estatiaTests */,
			);
			name = estatiaTests;
			packageProductDependencies = (
			);
			productName = estatiaTests;
			productReference = 5AA8A6602DC3952200F71CEF /* estatiaTests.xctest */;
			productType = "com.apple.product-type.bundle.unit-test";
		};
		5AA8A6692DC3952200F71CEF /* estatiaUITests */ = {
			isa = PBXNativeTarget;
			buildConfigurationList = 5AA8A67A2DC3952200F71CEF /* Build configuration list for PBXNativeTarget "estatiaUITests" */;
			buildPhases = (
				5AA8A6662DC3952200F71CEF /* Sources */,
				5AA8A6672DC3952200F71CEF /* Frameworks */,
				5AA8A6682DC3952200F71CEF /* Resources */,
			);
			buildRules = (
			);
			dependencies = (
				5AA8A66C2DC3952200F71CEF /* PBXTargetDependency */,
			);
			fileSystemSynchronizedGroups = (
				5AA8A66D2DC3952200F71CEF /* estatiaUITests */,
			);
			name = estatiaUITests;
			packageProductDependencies = (
			);
			productName = estatiaUITests;
			productReference = 5AA8A66A2DC3952200F71CEF /* estatiaUITests.xctest */;
			productType = "com.apple.product-type.bundle.ui-testing";
		};
/* End PBXNativeTarget section */

/* Begin PBXProject section */
		5AA8A64B2DC3952000F71CEF /* Project object */ = {
			isa = PBXProject;
			attributes = {
				BuildIndependentTargetsInParallel = 1;
				LastSwiftUpdateCheck = 2610;
				LastUpgradeCheck = 2610;
				TargetAttributes = {
					5AA8A6522DC3952000F71CEF = {
						CreatedOnToolsVersion = 16.3;
					};
					5AA8A65F2DC3952200F71CEF = {
						CreatedOnToolsVersion = 16.3;
						TestTargetID = 5AA8A6522DC3952000F71CEF;
					};
					5AA8A6692DC3952200F71CEF = {
						CreatedOnToolsVersion = 16.3;
						TestTargetID = 5AA8A6522DC3952000F71CEF;
					};
				};
			};
			buildConfigurationList = 5AA8A64E2DC3952000F71CEF /* Build configuration list for PBXProject "estatia" */;
			developmentRegion = en;
			hasScannedForEncodings = 0;
			knownRegions = (
				en,
				Base,
			);
			mainGroup = 5AA8A64A2DC3952000F71CEF;
			minimizedProjectReferenceProxies = 1;
			packageReferences = (
				5A1694272DC62E2800245881 /* XCRemoteSwiftPackageReference "firebase-ios-sdk" */,
				5A9F4EDF2DC65C7F00587413 /* XCLocalSwiftPackageReference "feature/auth" */,
				5A6E74A12DC6901B0016751B /* XCLocalSwiftPackageReference "core/analytics" */,
				5A6E74A42DC690D20016751B /* XCLocalSwiftPackageReference "core/common" */,
				5A6E74A72DC691430016751B /* XCLocalSwiftPackageReference "core/data" */,
				5A6E74AA2DC691D00016751B /* XCLocalSwiftPackageReference "core/database" */,
				5A6E74AD2DC692400016751B /* XCLocalSwiftPackageReference "core/domain" */,
				5A6E74B32DC6939A0016751B /* XCLocalSwiftPackageReference "core/network" */,
				5A6E74B62DC693CD0016751B /* XCLocalSwiftPackageReference "core/notifications" */,
				5A6E74B92DC693F50016751B /* XCLocalSwiftPackageReference "core/security" */,
				5A6E74BC2DC694400016751B /* XCLocalSwiftPackageReference "core/testing" */,
				5A6E74BF2DC694840016751B /* XCLocalSwiftPackageReference "core/ui" */,
				5A6E74C22DC695170016751B /* XCLocalSwiftPackageReference "feature/chats" */,
				5A6E74C52DC695650016751B /* XCLocalSwiftPackageReference "feature/comments" */,
				5A6E74C82DC695C50016751B /* XCLocalSwiftPackageReference "feature/favorites" */,
				5A6E74CB2DC695FF0016751B /* XCLocalSwiftPackageReference "feature/home" */,
				5A6E74CE2DC6969F0016751B /* XCLocalSwiftPackageReference "feature/intelligence" */,
				5A6E74D12DC696CA0016751B /* XCLocalSwiftPackageReference "feature/market" */,
				5A6E74D42DC696ED0016751B /* XCLocalSwiftPackageReference "feature/payments" */,
				5A6E74D72DC6970A0016751B /* XCLocalSwiftPackageReference "feature/player" */,
				5A6E74DA2DC697270016751B /* XCLocalSwiftPackageReference "feature/profile" */,
				5A6E74DD2DC6974A0016751B /* XCLocalSwiftPackageReference "feature/property" */,
				5A6E74E02DC6976B0016751B /* XCLocalSwiftPackageReference "feature/search" */,
				5A6E74E32DC697B70016751B /* XCLocalSwiftPackageReference "feature/service" */,
				5A6E74E62DC697DD0016751B /* XCLocalSwiftPackageReference "feature/settings" */,
				5A9B9D932DCF810D00835345 /* XCLocalSwiftPackageReference "core/model" */,
			);
			preferredProjectObjectVersion = 77;
			productRefGroup = 5AA8A6542DC3952000F71CEF /* Products */;
			projectDirPath = "";
			projectRoot = "";
			targets = (
				5AA8A6522DC3952000F71CEF /* estatia */,
				5AA8A65F2DC3952200F71CEF /* estatiaTests */,
				5AA8A6692DC3952200F71CEF /* estatiaUITests */,
			);
		};
/* End PBXProject section */

/* Begin PBXResourcesBuildPhase section */
		5AA8A6512DC3952000F71CEF /* Resources */ = {
			isa = PBXResourcesBuildPhase;
			buildActionMask = 2147483647;
			files = (
				5A9B9D972DCF93C700835345 /* Launch Screen.storyboard in Resources */,
			);
			runOnlyForDeploymentPostprocessing = 0;
		};
		5AA8A65E2DC3952200F71CEF /* Resources */ = {
			isa = PBXResourcesBuildPhase;
			buildActionMask = 2147483647;
			files = (
			);
			runOnlyForDeploymentPostprocessing = 0;
		};
		5AA8A6682DC3952200F71CEF /* Resources */ = {
			isa = PBXResourcesBuildPhase;
			buildActionMask = 2147483647;
			files = (
			);
			runOnlyForDeploymentPostprocessing = 0;
		};
/* End PBXResourcesBuildPhase section */

/* Begin PBXSourcesBuildPhase section */
		5AA8A64F2DC3952000F71CEF /* Sources */ = {
			isa = PBXSourcesBuildPhase;
			buildActionMask = 2147483647;
			files = (
			);
			runOnlyForDeploymentPostprocessing = 0;
		};
		5AA8A65C2DC3952200F71CEF /* Sources */ = {
			isa = PBXSourcesBuildPhase;
			buildActionMask = 2147483647;
			files = (
			);
			runOnlyForDeploymentPostprocessing = 0;
		};
		5AA8A6662DC3952200F71CEF /* Sources */ = {
			isa = PBXSourcesBuildPhase;
			buildActionMask = 2147483647;
			files = (
			);
			runOnlyForDeploymentPostprocessing = 0;
		};
/* End PBXSourcesBuildPhase section */

/* Begin PBXTargetDependency section */
		5AA8A6622DC3952200F71CEF /* PBXTargetDependency */ = {
			isa = PBXTargetDependency;
			target = 5AA8A6522DC3952000F71CEF /* estatia */;
			targetProxy = 5AA8A6612DC3952200F71CEF /* PBXContainerItemProxy */;
		};
		5AA8A66C2DC3952200F71CEF /* PBXTargetDependency */ = {
			isa = PBXTargetDependency;
			target = 5AA8A6522DC3952000F71CEF /* estatia */;
			targetProxy = 5AA8A66B2DC3952200F71CEF /* PBXContainerItemProxy */;
		};
/* End PBXTargetDependency section */

/* Begin XCBuildConfiguration section */
		5AA8A6722DC3952200F71CEF /* Debug */ = {
			isa = XCBuildConfiguration;
			buildSettings = {
				ALWAYS_SEARCH_USER_PATHS = NO;
				ASSETCATALOG_COMPILER_GENERATE_SWIFT_ASSET_SYMBOL_EXTENSIONS = YES;
				CLANG_ANALYZER_NONNULL = YES;
				CLANG_ANALYZER_NUMBER_OBJECT_CONVERSION = YES_AGGRESSIVE;
				CLANG_CXX_LANGUAGE_STANDARD = "gnu++20";
				CLANG_ENABLE_MODULES = YES;
				CLANG_ENABLE_OBJC_ARC = YES;
				CLANG_ENABLE_OBJC_WEAK = YES;
				CLANG_WARN_BLOCK_CAPTURE_AUTORELEASING = YES;
				CLANG_WARN_BOOL_CONVERSION = YES;
				CLANG_WARN_COMMA = YES;
				CLANG_WARN_CONSTANT_CONVERSION = YES;
				CLANG_WARN_DEPRECATED_OBJC_IMPLEMENTATIONS = YES;
				CLANG_WARN_DIRECT_OBJC_ISA_USAGE = YES_ERROR;
				CLANG_WARN_DOCUMENTATION_COMMENTS = YES;
				CLANG_WARN_EMPTY_BODY = YES;
				CLANG_WARN_ENUM_CONVERSION = YES;
				CLANG_WARN_INFINITE_RECURSION = YES;
				CLANG_WARN_INT_CONVERSION = YES;
				CLANG_WARN_NON_LITERAL_NULL_CONVERSION = YES;
				CLANG_WARN_OBJC_IMPLICIT_RETAIN_SELF = YES;
				CLANG_WARN_OBJC_LITERAL_CONVERSION = YES;
				CLANG_WARN_OBJC_ROOT_CLASS = YES_ERROR;
				CLANG_WARN_QUOTED_INCLUDE_IN_FRAMEWORK_HEADER = YES;
				CLANG_WARN_RANGE_LOOP_ANALYSIS = YES;
				CLANG_WARN_STRICT_PROTOTYPES = YES;
				CLANG_WARN_SUSPICIOUS_MOVE = YES;
				CLANG_WARN_UNGUARDED_AVAILABILITY = YES_AGGRESSIVE;
				CLANG_WARN_UNREACHABLE_CODE = YES;
				CLANG_WARN__DUPLICATE_METHOD_MATCH = YES;
				COPY_PHASE_STRIP = NO;
				DEBUG_INFORMATION_FORMAT = dwarf;
				ENABLE_STRICT_OBJC_MSGSEND = YES;
				ENABLE_TESTABILITY = YES;
				ENABLE_USER_SCRIPT_SANDBOXING = YES;
				GCC_C_LANGUAGE_STANDARD = gnu17;
				GCC_DYNAMIC_NO_PIC = NO;
				GCC_NO_COMMON_BLOCKS = YES;
				GCC_OPTIMIZATION_LEVEL = 0;
				GCC_PREPROCESSOR_DEFINITIONS = (
					"DEBUG=1",
					"$(inherited)",
				);
				GCC_WARN_64_TO_32_BIT_CONVERSION = YES;
				GCC_WARN_ABOUT_RETURN_TYPE = YES_ERROR;
				GCC_WARN_UNDECLARED_SELECTOR = YES;
				GCC_WARN_UNINITIALIZED_AUTOS = YES_AGGRESSIVE;
				GCC_WARN_UNUSED_FUNCTION = YES;
				GCC_WARN_UNUSED_VARIABLE = YES;
				IPHONEOS_DEPLOYMENT_TARGET = 18.4;
				LOCALIZATION_PREFERS_STRING_CATALOGS = YES;
				MTL_ENABLE_DEBUG_INFO = INCLUDE_SOURCE;
				MTL_FAST_MATH = YES;
				ONLY_ACTIVE_ARCH = YES;
				SDKROOT = iphoneos;
				STRING_CATALOG_GENERATE_SYMBOLS = YES;
				SWIFT_ACTIVE_COMPILATION_CONDITIONS = "DEBUG $(inherited)";
				SWIFT_OPTIMIZATION_LEVEL = "-Onone";
			};
			name = Debug;
		};
		5AA8A6732DC3952200F71CEF /* Release */ = {
			isa = XCBuildConfiguration;
			buildSettings = {
				ALWAYS_SEARCH_USER_PATHS = NO;
				ASSETCATALOG_COMPILER_GENERATE_SWIFT_ASSET_SYMBOL_EXTENSIONS = YES;
				CLANG_ANALYZER_NONNULL = YES;
				CLANG_ANALYZER_NUMBER_OBJECT_CONVERSION = YES_AGGRESSIVE;
				CLANG_CXX_LANGUAGE_STANDARD = "gnu++20";
				CLANG_ENABLE_MODULES = YES;
				CLANG_ENABLE_OBJC_ARC = YES;
				CLANG_ENABLE_OBJC_WEAK = YES;
				CLANG_WARN_BLOCK_CAPTURE_AUTORELEASING = YES;
				CLANG_WARN_BOOL_CONVERSION = YES;
				CLANG_WARN_COMMA = YES;
				CLANG_WARN_CONSTANT_CONVERSION = YES;
				CLANG_WARN_DEPRECATED_OBJC_IMPLEMENTATIONS = YES;
				CLANG_WARN_DIRECT_OBJC_ISA_USAGE = YES_ERROR;
				CLANG_WARN_DOCUMENTATION_COMMENTS = YES;
				CLANG_WARN_EMPTY_BODY = YES;
				CLANG_WARN_ENUM_CONVERSION = YES;
				CLANG_WARN_INFINITE_RECURSION = YES;
				CLANG_WARN_INT_CONVERSION = YES;
				CLANG_WARN_NON_LITERAL_NULL_CONVERSION = YES;
				CLANG_WARN_OBJC_IMPLICIT_RETAIN_SELF = YES;
				CLANG_WARN_OBJC_LITERAL_CONVERSION = YES;
				CLANG_WARN_OBJC_ROOT_CLASS = YES_ERROR;
				CLANG_WARN_QUOTED_INCLUDE_IN_FRAMEWORK_HEADER = YES;
				CLANG_WARN_RANGE_LOOP_ANALYSIS = YES;
				CLANG_WARN_STRICT_PROTOTYPES = YES;
				CLANG_WARN_SUSPICIOUS_MOVE = YES;
				CLANG_WARN_UNGUARDED_AVAILABILITY = YES_AGGRESSIVE;
				CLANG_WARN_UNREACHABLE_CODE = YES;
				CLANG_WARN__DUPLICATE_METHOD_MATCH = YES;
				COPY_PHASE_STRIP = NO;
				DEBUG_INFORMATION_FORMAT = "dwarf-with-dsym";
				ENABLE_NS_ASSERTIONS = NO;
				ENABLE_STRICT_OBJC_MSGSEND = YES;
				ENABLE_USER_SCRIPT_SANDBOXING = YES;
				GCC_C_LANGUAGE_STANDARD = gnu17;
				GCC_NO_COMMON_BLOCKS = YES;
				GCC_WARN_64_TO_32_BIT_CONVERSION = YES;
				GCC_WARN_ABOUT_RETURN_TYPE = YES_ERROR;
				GCC_WARN_UNDECLARED_SELECTOR = YES;
				GCC_WARN_UNINITIALIZED_AUTOS = YES_AGGRESSIVE;
				GCC_WARN_UNUSED_FUNCTION = YES;
				GCC_WARN_UNUSED_VARIABLE = YES;
				IPHONEOS_DEPLOYMENT_TARGET = 18.4;
				LOCALIZATION_PREFERS_STRING_CATALOGS = YES;
				MTL_ENABLE_DEBUG_INFO = NO;
				MTL_FAST_MATH = YES;
				SDKROOT = iphoneos;
				STRING_CATALOG_GENERATE_SYMBOLS = YES;
				SWIFT_COMPILATION_MODE = wholemodule;
				VALIDATE_PRODUCT = YES;
			};
			name = Release;
		};
		5AA8A6752DC3952200F71CEF /* Debug */ = {
			isa = XCBuildConfiguration;
			buildSettings = {
				ASSETCATALOG_COMPILER_APPICON_NAME = AppIcon;
				ASSETCATALOG_COMPILER_GLOBAL_ACCENT_COLOR_NAME = AccentColor;
				ASSETCATALOG_COMPILER_INCLUDE_ALL_APPICON_ASSETS = YES;
				CODE_SIGN_STYLE = Automatic;
				CURRENT_PROJECT_VERSION = 1;
				ENABLE_PREVIEWS = YES;
				GENERATE_INFOPLIST_FILE = YES;
				INFOPLIST_KEY_UIApplicationSceneManifest_Generation = YES;
				INFOPLIST_KEY_UIApplicationSupportsIndirectInputEvents = YES;
				INFOPLIST_KEY_UILaunchScreen_Generation = YES;
				INFOPLIST_KEY_UILaunchStoryboardName = "Launch Screen";
				INFOPLIST_KEY_UISupportedInterfaceOrientations_iPad = "UIInterfaceOrientationPortrait UIInterfaceOrientationPortraitUpsideDown UIInterfaceOrientationLandscapeLeft UIInterfaceOrientationLandscapeRight";
				INFOPLIST_KEY_UISupportedInterfaceOrientations_iPhone = "UIInterfaceOrientationPortrait UIInterfaceOrientationLandscapeLeft UIInterfaceOrientationLandscapeRight";
				LD_RUNPATH_SEARCH_PATHS = (
					"$(inherited)",
					"@executable_path/Frameworks",
				);
				MARKETING_VERSION = 1.0;
				PRODUCT_BUNDLE_IDENTIFIER = com.application.estatia;
				PRODUCT_NAME = "$(TARGET_NAME)";
				SWIFT_EMIT_LOC_STRINGS = YES;
				SWIFT_VERSION = 5.0;
				TARGETED_DEVICE_FAMILY = "1,2";
			};
			name = Debug;
		};
		5AA8A6762DC3952200F71CEF /* Release */ = {
			isa = XCBuildConfiguration;
			buildSettings = {
				ASSETCATALOG_COMPILER_APPICON_NAME = AppIcon;
				ASSETCATALOG_COMPILER_GLOBAL_ACCENT_COLOR_NAME = AccentColor;
				ASSETCATALOG_COMPILER_INCLUDE_ALL_APPICON_ASSETS = YES;
				CODE_SIGN_STYLE = Automatic;
				CURRENT_PROJECT_VERSION = 1;
				ENABLE_PREVIEWS = YES;
				GENERATE_INFOPLIST_FILE = YES;
				INFOPLIST_KEY_UIApplicationSceneManifest_Generation = YES;
				INFOPLIST_KEY_UIApplicationSupportsIndirectInputEvents = YES;
				INFOPLIST_KEY_UILaunchScreen_Generation = YES;
				INFOPLIST_KEY_UILaunchStoryboardName = "Launch Screen";
				INFOPLIST_KEY_UISupportedInterfaceOrientations_iPad = "UIInterfaceOrientationPortrait UIInterfaceOrientationPortraitUpsideDown UIInterfaceOrientationLandscapeLeft UIInterfaceOrientationLandscapeRight";
				INFOPLIST_KEY_UISupportedInterfaceOrientations_iPhone = "UIInterfaceOrientationPortrait UIInterfaceOrientationLandscapeLeft UIInterfaceOrientationLandscapeRight";
				LD_RUNPATH_SEARCH_PATHS = (
					"$(inherited)",
					"@executable_path/Frameworks",
				);
				MARKETING_VERSION = 1.0;
				PRODUCT_BUNDLE_IDENTIFIER = com.application.estatia;
				PRODUCT_NAME = "$(TARGET_NAME)";
				SWIFT_EMIT_LOC_STRINGS = YES;
				SWIFT_VERSION = 5.0;
				TARGETED_DEVICE_FAMILY = "1,2";
			};
			name = Release;
		};
		5AA8A6782DC3952200F71CEF /* Debug */ = {
			isa = XCBuildConfiguration;
			buildSettings = {
				BUNDLE_LOADER = "$(TEST_HOST)";
				CODE_SIGN_STYLE = Automatic;
				CURRENT_PROJECT_VERSION = 1;
				GENERATE_INFOPLIST_FILE = YES;
				IPHONEOS_DEPLOYMENT_TARGET = 18.4;
				MARKETING_VERSION = 1.0;
				PRODUCT_BUNDLE_IDENTIFIER = com.application.estatiaTests;
				PRODUCT_NAME = "$(TARGET_NAME)";
				SWIFT_EMIT_LOC_STRINGS = NO;
				SWIFT_VERSION = 5.0;
				TARGETED_DEVICE_FAMILY = "1,2";
				TEST_HOST = "$(BUILT_PRODUCTS_DIR)/estatia.app/$(BUNDLE_EXECUTABLE_FOLDER_PATH)/estatia";
			};
			name = Debug;
		};
		5AA8A6792DC3952200F71CEF /* Release */ = {
			isa = XCBuildConfiguration;
			buildSettings = {
				BUNDLE_LOADER = "$(TEST_HOST)";
				CODE_SIGN_STYLE = Automatic;
				CURRENT_PROJECT_VERSION = 1;
				GENERATE_INFOPLIST_FILE = YES;
				IPHONEOS_DEPLOYMENT_TARGET = 18.4;
				MARKETING_VERSION = 1.0;
				PRODUCT_BUNDLE_IDENTIFIER = com.application.estatiaTests;
				PRODUCT_NAME = "$(TARGET_NAME)";
				SWIFT_EMIT_LOC_STRINGS = NO;
				SWIFT_VERSION = 5.0;
				TARGETED_DEVICE_FAMILY = "1,2";
				TEST_HOST = "$(BUILT_PRODUCTS_DIR)/estatia.app/$(BUNDLE_EXECUTABLE_FOLDER_PATH)/estatia";
			};
			name = Release;
		};
		5AA8A67B2DC3952200F71CEF /* Debug */ = {
			isa = XCBuildConfiguration;
			buildSettings = {
				CODE_SIGN_STYLE = Automatic;
				CURRENT_PROJECT_VERSION = 1;
				GENERATE_INFOPLIST_FILE = YES;
				MARKETING_VERSION = 1.0;
				PRODUCT_BUNDLE_IDENTIFIER = com.application.estatiaUITests;
				PRODUCT_NAME = "$(TARGET_NAME)";
				SWIFT_EMIT_LOC_STRINGS = NO;
				SWIFT_VERSION = 5.0;
				TARGETED_DEVICE_FAMILY = "1,2";
				TEST_TARGET_NAME = estatia;
			};
			name = Debug;
		};
		5AA8A67C2DC3952200F71CEF /* Release */ = {
			isa = XCBuildConfiguration;
			buildSettings = {
				CODE_SIGN_STYLE = Automatic;
				CURRENT_PROJECT_VERSION = 1;
				GENERATE_INFOPLIST_FILE = YES;
				MARKETING_VERSION = 1.0;
				PRODUCT_BUNDLE_IDENTIFIER = com.application.estatiaUITests;
				PRODUCT_NAME = "$(TARGET_NAME)";
				SWIFT_EMIT_LOC_STRINGS = NO;
				SWIFT_VERSION = 5.0;
				TARGETED_DEVICE_FAMILY = "1,2";
				TEST_TARGET_NAME = estatia;
			};
			name = Release;
		};
/* End XCBuildConfiguration section */

/* Begin XCConfigurationList section */
		5AA8A64E2DC3952000F71CEF /* Build configuration list for PBXProject "estatia" */ = {
			isa = XCConfigurationList;
			buildConfigurations = (
				5AA8A6722DC3952200F71CEF /* Debug */,
				5AA8A6732DC3952200F71CEF /* Release */,
			);
			defaultConfigurationIsVisible = 0;
			defaultConfigurationName = Release;
		};
		5AA8A6742DC3952200F71CEF /* Build configuration list for PBXNativeTarget "estatia" */ = {
			isa = XCConfigurationList;
			buildConfigurations = (
				5AA8A6752DC3952200F71CEF /* Debug */,
				5AA8A6762DC3952200F71CEF /* Release */,
			);
			defaultConfigurationIsVisible = 0;
			defaultConfigurationName = Release;
		};
		5AA8A6772DC3952200F71CEF /* Build configuration list for PBXNativeTarget "estatiaTests" */ = {
			isa = XCConfigurationList;
			buildConfigurations = (
				5AA8A6782DC3952200F71CEF /* Debug */,
				5AA8A6792DC3952200F71CEF /* Release */,
			);
			defaultConfigurationIsVisible = 0;
			defaultConfigurationName = Release;
		};
		5AA8A67A2DC3952200F71CEF /* Build configuration list for PBXNativeTarget "estatiaUITests" */ = {
			isa = XCConfigurationList;
			buildConfigurations = (
				5AA8A67B2DC3952200F71CEF /* Debug */,
				5AA8A67C2DC3952200F71CEF /* Release */,
			);
			defaultConfigurationIsVisible = 0;
			defaultConfigurationName = Release;
		};
/* End XCConfigurationList section */

/* Begin XCLocalSwiftPackageReference section */
		5A6E74A12DC6901B0016751B /* XCLocalSwiftPackageReference "core/analytics" */ = {
			isa = XCLocalSwiftPackageReference;
			relativePath = core/analytics;
		};
		5A6E74A42DC690D20016751B /* XCLocalSwiftPackageReference "core/common" */ = {
			isa = XCLocalSwiftPackageReference;
			relativePath = core/common;
		};
		5A6E74A72DC691430016751B /* XCLocalSwiftPackageReference "core/data" */ = {
			isa = XCLocalSwiftPackageReference;
			relativePath = core/data;
		};
		5A6E74AA2DC691D00016751B /* XCLocalSwiftPackageReference "core/database" */ = {
			isa = XCLocalSwiftPackageReference;
			relativePath = core/database;
		};
		5A6E74AD2DC692400016751B /* XCLocalSwiftPackageReference "core/domain" */ = {
			isa = XCLocalSwiftPackageReference;
			relativePath = core/domain;
		};
		5A6E74B32DC6939A0016751B /* XCLocalSwiftPackageReference "core/network" */ = {
			isa = XCLocalSwiftPackageReference;
			relativePath = core/network;
		};
		5A6E74B62DC693CD0016751B /* XCLocalSwiftPackageReference "core/notifications" */ = {
			isa = XCLocalSwiftPackageReference;
			relativePath = core/notifications;
		};
		5A6E74B92DC693F50016751B /* XCLocalSwiftPackageReference "core/security" */ = {
			isa = XCLocalSwiftPackageReference;
			relativePath = core/security;
		};
		5A6E74BC2DC694400016751B /* XCLocalSwiftPackageReference "core/testing" */ = {
			isa = XCLocalSwiftPackageReference;
			relativePath = core/testing;
		};
		5A6E74BF2DC694840016751B /* XCLocalSwiftPackageReference "core/ui" */ = {
			isa = XCLocalSwiftPackageReference;
			relativePath = core/ui;
		};
		5A6E74C22DC695170016751B /* XCLocalSwiftPackageReference "feature/chats" */ = {
			isa = XCLocalSwiftPackageReference;
			relativePath = feature/chats;
		};
		5A6E74C52DC695650016751B /* XCLocalSwiftPackageReference "feature/comments" */ = {
			isa = XCLocalSwiftPackageReference;
			relativePath = feature/comments;
		};
		5A6E74C82DC695C50016751B /* XCLocalSwiftPackageReference "feature/favorites" */ = {
			isa = XCLocalSwiftPackageReference;
			relativePath = feature/favorites;
		};
		5A6E74CB2DC695FF0016751B /* XCLocalSwiftPackageReference "feature/home" */ = {
			isa = XCLocalSwiftPackageReference;
			relativePath = feature/home;
		};
		5A6E74CE2DC6969F0016751B /* XCLocalSwiftPackageReference "feature/intelligence" */ = {
			isa = XCLocalSwiftPackageReference;
			relativePath = feature/intelligence;
		};
		5A6E74D12DC696CA0016751B /* XCLocalSwiftPackageReference "feature/market" */ = {
			isa = XCLocalSwiftPackageReference;
			relativePath = feature/market;
		};
		5A6E74D42DC696ED0016751B /* XCLocalSwiftPackageReference "feature/payments" */ = {
			isa = XCLocalSwiftPackageReference;
			relativePath = feature/payments;
		};
		5A6E74D72DC6970A0016751B /* XCLocalSwiftPackageReference "feature/player" */ = {
			isa = XCLocalSwiftPackageReference;
			relativePath = feature/player;
		};
		5A6E74DA2DC697270016751B /* XCLocalSwiftPackageReference "feature/profile" */ = {
			isa = XCLocalSwiftPackageReference;
			relativePath = feature/profile;
		};
		5A6E74DD2DC6974A0016751B /* XCLocalSwiftPackageReference "feature/property" */ = {
			isa = XCLocalSwiftPackageReference;
			relativePath = feature/property;
		};
		5A6E74E02DC6976B0016751B /* XCLocalSwiftPackageReference "feature/search" */ = {
			isa = XCLocalSwiftPackageReference;
			relativePath = feature/search;
		};
		5A6E74E32DC697B70016751B /* XCLocalSwiftPackageReference "feature/service" */ = {
			isa = XCLocalSwiftPackageReference;
			relativePath = feature/service;
		};
		5A6E74E62DC697DD0016751B /* XCLocalSwiftPackageReference "feature/settings" */ = {
			isa = XCLocalSwiftPackageReference;
			relativePath = feature/settings;
		};
		5A9B9D932DCF810D00835345 /* XCLocalSwiftPackageReference "core/model" */ = {
			isa = XCLocalSwiftPackageReference;
			relativePath = core/model;
		};
		5A9F4EDF2DC65C7F00587413 /* XCLocalSwiftPackageReference "feature/auth" */ = {
			isa = XCLocalSwiftPackageReference;
			relativePath = feature/auth;
		};
/* End XCLocalSwiftPackageReference section */

/* Begin XCRemoteSwiftPackageReference section */
		5A1694272DC62E2800245881 /* XCRemoteSwiftPackageReference "firebase-ios-sdk" */ = {
			isa = XCRemoteSwiftPackageReference;
			repositoryURL = "https://github.com/firebase/firebase-ios-sdk";
			requirement = {
				kind = upToNextMajorVersion;
				minimumVersion = 11.12.0;
			};
		};
/* End XCRemoteSwiftPackageReference section */

/* Begin XCSwiftPackageProductDependency section */
		5A1694282DC62E2800245881 /* FirebaseAnalytics */ = {
			isa = XCSwiftPackageProductDependency;
			package = 5A1694272DC62E2800245881 /* XCRemoteSwiftPackageReference "firebase-ios-sdk" */;
			productName = FirebaseAnalytics;
		};
		5A16942A2DC62E2800245881 /* FirebaseAnalyticsOnDeviceConversion */ = {
			isa = XCSwiftPackageProductDependency;
			package = 5A1694272DC62E2800245881 /* XCRemoteSwiftPackageReference "firebase-ios-sdk" */;
			productName = FirebaseAnalyticsOnDeviceConversion;
		};
		5A16942C2DC62E2800245881 /* FirebaseAnalyticsWithoutAdIdSupport */ = {
			isa = XCSwiftPackageProductDependency;
			package = 5A1694272DC62E2800245881 /* XCRemoteSwiftPackageReference "firebase-ios-sdk" */;
			productName = FirebaseAnalyticsWithoutAdIdSupport;
		};
		5A16942E2DC62E2800245881 /* FirebaseAppCheck */ = {
			isa = XCSwiftPackageProductDependency;
			package = 5A1694272DC62E2800245881 /* XCRemoteSwiftPackageReference "firebase-ios-sdk" */;
			productName = FirebaseAppCheck;
		};
		5A1694302DC62E2800245881 /* FirebaseAppDistribution-Beta */ = {
			isa = XCSwiftPackageProductDependency;
			package = 5A1694272DC62E2800245881 /* XCRemoteSwiftPackageReference "firebase-ios-sdk" */;
			productName = "FirebaseAppDistribution-Beta";
		};
		5A1694322DC62E2800245881 /* FirebaseAuth */ = {
			isa = XCSwiftPackageProductDependency;
			package = 5A1694272DC62E2800245881 /* XCRemoteSwiftPackageReference "firebase-ios-sdk" */;
			productName = FirebaseAuth;
		};
		5A1694362DC62E2800245881 /* FirebaseCore */ = {
			isa = XCSwiftPackageProductDependency;
			package = 5A1694272DC62E2800245881 /* XCRemoteSwiftPackageReference "firebase-ios-sdk" */;
			productName = FirebaseCore;
		};
		5A1694382DC62E2800245881 /* FirebaseCrashlytics */ = {
			isa = XCSwiftPackageProductDependency;
			package = 5A1694272DC62E2800245881 /* XCRemoteSwiftPackageReference "firebase-ios-sdk" */;
			productName = FirebaseCrashlytics;
		};
		5A16943A2DC62E2800245881 /* FirebaseDatabase */ = {
			isa = XCSwiftPackageProductDependency;
			package = 5A1694272DC62E2800245881 /* XCRemoteSwiftPackageReference "firebase-ios-sdk" */;
			productName = FirebaseDatabase;
		};
		5A16943C2DC62E2800245881 /* FirebaseDynamicLinks */ = {
			isa = XCSwiftPackageProductDependency;
			package = 5A1694272DC62E2800245881 /* XCRemoteSwiftPackageReference "firebase-ios-sdk" */;
			productName = FirebaseDynamicLinks;
		};
		5A16943E2DC62E2800245881 /* FirebaseFirestore */ = {
			isa = XCSwiftPackageProductDependency;
			package = 5A1694272DC62E2800245881 /* XCRemoteSwiftPackageReference "firebase-ios-sdk" */;
			productName = FirebaseFirestore;
		};
		5A1694422DC62E2800245881 /* FirebaseFunctions */ = {
			isa = XCSwiftPackageProductDependency;
			package = 5A1694272DC62E2800245881 /* XCRemoteSwiftPackageReference "firebase-ios-sdk" */;
			productName = FirebaseFunctions;
		};
		5A1694462DC62E2800245881 /* FirebaseInAppMessaging-Beta */ = {
			isa = XCSwiftPackageProductDependency;
			package = 5A1694272DC62E2800245881 /* XCRemoteSwiftPackageReference "firebase-ios-sdk" */;
			productName = "FirebaseInAppMessaging-Beta";
		};
		5A1694482DC62E2800245881 /* FirebaseInstallations */ = {
			isa = XCSwiftPackageProductDependency;
			package = 5A1694272DC62E2800245881 /* XCRemoteSwiftPackageReference "firebase-ios-sdk" */;
			productName = FirebaseInstallations;
		};
		5A16944A2DC62E2800245881 /* FirebaseMLModelDownloader */ = {
			isa = XCSwiftPackageProductDependency;
			package = 5A1694272DC62E2800245881 /* XCRemoteSwiftPackageReference "firebase-ios-sdk" */;
			productName = FirebaseMLModelDownloader;
		};
		5A16944C2DC62E2800245881 /* FirebaseMessaging */ = {
			isa = XCSwiftPackageProductDependency;
			package = 5A1694272DC62E2800245881 /* XCRemoteSwiftPackageReference "firebase-ios-sdk" */;
			productName = FirebaseMessaging;
		};
		5A16944E2DC62E2800245881 /* FirebasePerformance */ = {
			isa = XCSwiftPackageProductDependency;
			package = 5A1694272DC62E2800245881 /* XCRemoteSwiftPackageReference "firebase-ios-sdk" */;
			productName = FirebasePerformance;
		};
		5A1694502DC62E2800245881 /* FirebaseRemoteConfig */ = {
			isa = XCSwiftPackageProductDependency;
			package = 5A1694272DC62E2800245881 /* XCRemoteSwiftPackageReference "firebase-ios-sdk" */;
			productName = FirebaseRemoteConfig;
		};
		5A1694522DC62E2800245881 /* FirebaseStorage */ = {
			isa = XCSwiftPackageProductDependency;
			package = 5A1694272DC62E2800245881 /* XCRemoteSwiftPackageReference "firebase-ios-sdk" */;
			productName = FirebaseStorage;
		};
		5A1694562DC62E2800245881 /* FirebaseVertexAI */ = {
			isa = XCSwiftPackageProductDependency;
			package = 5A1694272DC62E2800245881 /* XCRemoteSwiftPackageReference "firebase-ios-sdk" */;
			productName = FirebaseVertexAI;
		};
		5A6E74A22DC6901B0016751B /* analytics */ = {
			isa = XCSwiftPackageProductDependency;
			productName = analytics;
		};
		5A6E74A52DC690D20016751B /* common */ = {
			isa = XCSwiftPackageProductDependency;
			productName = common;
		};
		5A6E74A82DC691430016751B /* data */ = {
			isa = XCSwiftPackageProductDependency;
			productName = data;
		};
		5A6E74AB2DC691D00016751B /* database */ = {
			isa = XCSwiftPackageProductDependency;
			productName = database;
		};
		5A6E74AE2DC692400016751B /* domain */ = {
			isa = XCSwiftPackageProductDependency;
			productName = domain;
		};
		5A6E74B12DC6934B0016751B /* model */ = {
			isa = XCSwiftPackageProductDependency;
			productName = model;
		};
		5A6E74B42DC6939A0016751B /* network */ = {
			isa = XCSwiftPackageProductDependency;
			productName = network;
		};
		5A6E74B72DC693CD0016751B /* notifications */ = {
			isa = XCSwiftPackageProductDependency;
			productName = notifications;
		};
		5A6E74BA2DC693F50016751B /* security */ = {
			isa = XCSwiftPackageProductDependency;
			productName = security;
		};
		5A6E74BD2DC694400016751B /* testing */ = {
			isa = XCSwiftPackageProductDependency;
			productName = testing;
		};
		5A6E74C02DC694840016751B /* ui */ = {
			isa = XCSwiftPackageProductDependency;
			productName = ui;
		};
		5A6E74C32DC695170016751B /* chats */ = {
			isa = XCSwiftPackageProductDependency;
			productName = chats;
		};
		5A6E74C62DC695650016751B /* comments */ = {
			isa = XCSwiftPackageProductDependency;
			productName = comments;
		};
		5A6E74C92DC695C50016751B /* favorites */ = {
			isa = XCSwiftPackageProductDependency;
			productName = favorites;
		};
		5A6E74CC2DC695FF0016751B /* home */ = {
			isa = XCSwiftPackageProductDependency;
			productName = home;
		};
		5A6E74CF2DC6969F0016751B /* intelligence */ = {
			isa = XCSwiftPackageProductDependency;
			productName = intelligence;
		};
		5A6E74D22DC696CA0016751B /* market */ = {
			isa = XCSwiftPackageProductDependency;
			productName = market;
		};
		5A6E74D52DC696ED0016751B /* payments */ = {
			isa = XCSwiftPackageProductDependency;
			productName = payments;
		};
		5A6E74D82DC6970A0016751B /* player */ = {
			isa = XCSwiftPackageProductDependency;
			productName = player;
		};
		5A6E74DB2DC697270016751B /* profile */ = {
			isa = XCSwiftPackageProductDependency;
			productName = profile;
		};
		5A6E74DE2DC6974A0016751B /* property */ = {
			isa = XCSwiftPackageProductDependency;
			productName = property;
		};
		5A6E74E12DC6976B0016751B /* search */ = {
			isa = XCSwiftPackageProductDependency;
			productName = search;
		};
		5A6E74E42DC697B70016751B /* service */ = {
			isa = XCSwiftPackageProductDependency;
			productName = service;
		};
		5A6E74E72DC697DD0016751B /* settings */ = {
			isa = XCSwiftPackageProductDependency;
			productName = settings;
		};
		5A9B9D942DCF810D00835345 /* model */ = {
			isa = XCSwiftPackageProductDependency;
			productName = model;
		};
		5A9F4EE02DC65C7F00587413 /* auth */ = {
			isa = XCSwiftPackageProductDependency;
			productName = auth;
		};
/* End XCSwiftPackageProductDependency section */
	};
	rootObject = 5AA8A64B2DC3952000F71CEF /* Project object */;
}
