// !$*UTF8*$!
{
	archiveVersion = 1;
	classes = {
	};
	objectVersion = 77;
	objects = {

/* Begin PBXBuildFile section */
		5A1694292DC62E2800245881 /* FirebaseAnalytics in Frameworks */ = {isa = PBXBuildFile; productRef = 5A1694282DC62E2800245881 /* FirebaseAnalytics */; };
		5A16942B2DC62E2800245881 /* FirebaseAnalyticsOnDeviceConversion in Frameworks */ = {isa = PBXBuildFile; productRef = 5A16942A2DC62E2800245881 /* FirebaseAnalyticsOnDeviceConversion */; };
		5A16942D2DC62E2800245881 /* FirebaseAnalyticsWithoutAdIdSupport in Frameworks */ = {isa = PBXBuildFile; productRef = 5A16942C2DC62E2800245881 /* FirebaseAnalyticsWithoutAdIdSupport */; };
		5A16942F2DC62E2800245881 /* FirebaseAppCheck in Frameworks */ = {isa = PBXBuildFile; productRef = 5A16942E2DC62E2800245881 /* FirebaseAppCheck */; };
		5A1694312DC62E2800245881 /* FirebaseAppDistribution-Beta in Frameworks */ = {isa = PBXBuildFile; productRef = 5A1694302DC62E2800245881 /* FirebaseAppDistribution-Beta */; };
		5A1694332DC62E2800245881 /* FirebaseAuth in Frameworks */ = {isa = PBXBuildFile; productRef = 5A1694322DC62E2800245881 /* FirebaseAuth */; };
		5A1694372DC62E2800245881 /* FirebaseCore in Frameworks */ = {isa = PBXBuildFile; productRef = 5A1694362DC62E2800245881 /* FirebaseCore */; };
		5A1694392DC62E2800245881 /* FirebaseCrashlytics in Frameworks */ = {isa = PBXBuildFile; productRef = 5A1694382DC62E2800245881 /* FirebaseCrashlytics */; };
		5A16943B2DC62E2800245881 /* FirebaseDatabase in Frameworks */ = {isa = PBXBuildFile; productRef = 5A16943A2DC62E2800245881 /* FirebaseDatabase */; };
		5A16943D2DC62E2800245881 /* FirebaseDynamicLinks in Frameworks */ = {isa = PBXBuildFile; productRef = 5A16943C2DC62E2800245881 /* FirebaseDynamicLinks */; };
		5A16943F2DC62E2800245881 /* FirebaseFirestore in Frameworks */ = {isa = PBXBuildFile; productRef = 5A16943E2DC62E2800245881 /* FirebaseFirestore */; };
		5A1694432DC62E2800245881 /* FirebaseFunctions in Frameworks */ = {isa = PBXBuildFile; productRef = 5A1694422DC62E2800245881 /* FirebaseFunctions */; };
		5A1694472DC62E2800245881 /* FirebaseInAppMessaging-Beta in Frameworks */ = {isa = PBXBuildFile; productRef = 5A1694462DC62E2800245881 /* FirebaseInAppMessaging-Beta */; };
		5A1694492DC62E2800245881 /* FirebaseInstallations in Frameworks */ = {isa = PBXBuildFile; productRef = 5A1694482DC62E2800245881 /* FirebaseInstallations */; };
		5A16944B2DC62E2800245881 /* FirebaseMLModelDownloader in Frameworks */ = {isa = PBXBuildFile; productRef = 5A16944A2DC62E2800245881 /* FirebaseMLModelDownloader */; };
		5A16944D2DC62E2800245881 /* FirebaseMessaging in Frameworks */ = {isa = PBXBuildFile; productRef = 5A16944C2DC62E2800245881 /* FirebaseMessaging */; };
		5A16944F2DC62E2800245881 /* FirebasePerformance in Frameworks */ = {isa = PBXBuildFile; productRef = 5A16944E2DC62E2800245881 /* FirebasePerformance */; };
		5A1694512DC62E2800245881 /* FirebaseRemoteConfig in Frameworks */ = {isa = PBXBuildFile; productRef = 5A1694502DC62E2800245881 /* FirebaseRemoteConfig */; };
		5A1694532DC62E2800245881 /* FirebaseStorage in Frameworks */ = {isa = PBXBuildFile; productRef = 5A1694522DC62E2800245881 /* FirebaseStorage */; };
		5A1694572DC62E2800245881 /* FirebaseVertexAI in Frameworks */ = {isa = PBXBuildFile; productRef = 5A1694562DC62E2800245881 /* FirebaseVertexAI */; };
		5A392A502F69DEC4003CE8F2 /* model in Frameworks */ = {isa = PBXBuildFile; productRef = 5A392A4F2F69DEC4003CE8F2 /* model */; };
		5A392A622F69E0EB003CE8F2 /* analytics in Frameworks */ = {isa = PBXBuildFile; productRef = 5A392A612F69E0EB003CE8F2 /* analytics */; };
		5A392A652F69E136003CE8F2 /* common in Frameworks */ = {isa = PBXBuildFile; productRef = 5A392A642F69E136003CE8F2 /* common */; };
		5A392A682F69E212003CE8F2 /* data in Frameworks */ = {isa = PBXBuildFile; productRef = 5A392A672F69E212003CE8F2 /* data */; };
		5A392A6B2F69E256003CE8F2 /* database in Frameworks */ = {isa = PBXBuildFile; productRef = 5A392A6A2F69E256003CE8F2 /* database */; };
		5A392A6E2F69E29D003CE8F2 /* domain in Frameworks */ = {isa = PBXBuildFile; productRef = 5A392A6D2F69E29D003CE8F2 /* domain */; };
		5A70DF4B2F6A9CAD0075AF00 /* model in Frameworks */ = {isa = PBXBuildFile; productRef = 5A70DF4A2F6A9CAD0075AF00 /* model */; };
		5A70DF4E2F6A9CE20075AF00 /* network in Frameworks */ = {isa = PBXBuildFile; productRef = 5A70DF4D2F6A9CE20075AF00 /* network */; };
		5A70DF512F6A9D110075AF00 /* notifications in Frameworks */ = {isa = PBXBuildFile; productRef = 5A70DF502F6A9D110075AF00 /* notifications */; };
		5A70DF542F6A9D7C0075AF00 /* PlayerEngine in Frameworks */ = {isa = PBXBuildFile; productRef = 5A70DF532F6A9D7C0075AF00 /* PlayerEngine */; };
		5A70DF572F6A9DB30075AF00 /* PlayerUI in Frameworks */ = {isa = PBXBuildFile; productRef = 5A70DF562F6A9DB30075AF00 /* PlayerUI */; };
		5A70DF5A2F6A9E3A0075AF00 /* security in Frameworks */ = {isa = PBXBuildFile; productRef = 5A70DF592F6A9E3A0075AF00 /* security */; };
		5A70DF5D2F6A9E7D0075AF00 /* testing in Frameworks */ = {isa = PBXBuildFile; productRef = 5A70DF5C2F6A9E7D0075AF00 /* testing */; };
		5A70DF602F6A9ED10075AF00 /* ui in Frameworks */ = {isa = PBXBuildFile; productRef = 5A70DF5F2F6A9ED10075AF00 /* ui */; };
		5A70DF632F6A9F660075AF00 /* auth in Frameworks */ = {isa = PBXBuildFile; productRef = 5A70DF622F6A9F660075AF00 /* auth */; };
		5A70DF662F6A9FAD0075AF00 /* chats in Frameworks */ = {isa = PBXBuildFile; productRef = 5A70DF652F6A9FAD0075AF00 /* chats */; };
		5A70DF692F6A9FFB0075AF00 /* comments in Frameworks */ = {isa = PBXBuildFile; productRef = 5A70DF682F6A9FFB0075AF00 /* comments */; };
		5A70DF6C2F6AA03D0075AF00 /* favorites in Frameworks */ = {isa = PBXBuildFile; productRef = 5A70DF6B2F6AA03D0075AF00 /* favorites */; };
		5A70DF6F2F6AA0910075AF00 /* home in Frameworks */ = {isa = PBXBuildFile; productRef = 5A70DF6E2F6AA0910075AF00 /* home */; };
		5A70DF722F6AA0DF0075AF00 /* intelligence in Frameworks */ = {isa = PBXBuildFile; productRef = 5A70DF712F6AA0DF0075AF00 /* intelligence */; };
		5A70DF752F6AA1250075AF00 /* market in Frameworks */ = {isa = PBXBuildFile; productRef = 5A70DF742F6AA1250075AF00 /* market */; };
		5A70DF782F6AA16E0075AF00 /* payments in Frameworks */ = {isa = PBXBuildFile; productRef = 5A70DF772F6AA16E0075AF00 /* payments */; };
		5A70DF7B2F6AA2080075AF00 /* player in Frameworks */ = {isa = PBXBuildFile; productRef = 5A70DF7A2F6AA2080075AF00 /* player */; };
		5A70DF7E2F6AA2C90075AF00 /* profile in Frameworks */ = {isa = PBXBuildFile; productRef = 5A70DF7D2F6AA2C90075AF00 /* profile */; };
		5A70DF812F6AA31F0075AF00 /* property in Frameworks */ = {isa = PBXBuildFile; productRef = 5A70DF802F6AA31F0075AF00 /* property */; };
		5A70DF842F6AA3660075AF00 /* search in Frameworks */ = {isa = PBXBuildFile; productRef = 5A70DF832F6AA3660075AF00 /* search */; };
		5A70DF872F6AA3AA0075AF00 /* service in Frameworks */ = {isa = PBXBuildFile; productRef = 5A70DF862F6AA3AA0075AF00 /* service */; };
		5A70DF8A2F6AA3E80075AF00 /* settings in Frameworks */ = {isa = PBXBuildFile; productRef = 5A70DF892F6AA3E80075AF00 /* settings */; };
		5A9B9D972DCF93C700835345 /* Launch Screen.storyboard in Resources */ = {isa = PBXBuildFile; fileRef = 5A9B9D962DCF93C700835345 /* Launch Screen.storyboard */; };
		5AEDBD6A2F6F172800F773A3 /* CoreAnalytics in Frameworks */ = {isa = PBXBuildFile; productRef = 5AEDBD692F6F172800F773A3 /* CoreAnalytics */; };
		5AEDBD6D2F6F176600F773A3 /* CoreCommon in Frameworks */ = {isa = PBXBuildFile; productRef = 5AEDBD6C2F6F176600F773A3 /* CoreCommon */; };
		5AEDBD702F6F17A300F773A3 /* CoreData in Frameworks */ = {isa = PBXBuildFile; productRef = 5AEDBD6F2F6F17A300F773A3 /* CoreData */; };
		5AEDBD732F6F17DB00F773A3 /* CoreDatabase in Frameworks */ = {isa = PBXBuildFile; productRef = 5AEDBD722F6F17DB00F773A3 /* CoreDatabase */; };
		5AEDBD762F6F181A00F773A3 /* CoreDomain in Frameworks */ = {isa = PBXBuildFile; productRef = 5AEDBD752F6F181A00F773A3 /* CoreDomain */; };
		5AEDBD792F6F185900F773A3 /* CoreModel in Frameworks */ = {isa = PBXBuildFile; productRef = 5AEDBD782F6F185900F773A3 /* CoreModel */; };
		5AEDBD7C2F6F18AB00F773A3 /* CoreNetwork in Frameworks */ = {isa = PBXBuildFile; productRef = 5AEDBD7B2F6F18AB00F773A3 /* CoreNetwork */; };
		5AEDBD7F2F6F18DF00F773A3 /* CorePlayerEngine in Frameworks */ = {isa = PBXBuildFile; productRef = 5AEDBD7E2F6F18DF00F773A3 /* CorePlayerEngine */; };
		5AEDBD822F6F191400F773A3 /* CorePlayerUI in Frameworks */ = {isa = PBXBuildFile; productRef = 5AEDBD812F6F191400F773A3 /* CorePlayerUI */; };
		5AEDBD852F6F194400F773A3 /* CoreSecurity in Frameworks */ = {isa = PBXBuildFile; productRef = 5AEDBD842F6F194400F773A3 /* CoreSecurity */; };
		5AEDBD882F6F197700F773A3 /* CoreTesting in Frameworks */ = {isa = PBXBuildFile; productRef = 5AEDBD872F6F197700F773A3 /* CoreTesting */; };
		5AEDBD8B2F6F19A800F773A3 /* CoreUI in Frameworks */ = {isa = PBXBuildFile; productRef = 5AEDBD8A2F6F19A800F773A3 /* CoreUI */; };
		5AEDBD8E2F6F19E200F773A3 /* FeatureAuth in Frameworks */ = {isa = PBXBuildFile; productRef = 5AEDBD8D2F6F19E200F773A3 /* FeatureAuth */; };
		5AEDBD912F6F1A1F00F773A3 /* FeatureChats in Frameworks */ = {isa = PBXBuildFile; productRef = 5AEDBD902F6F1A1F00F773A3 /* FeatureChats */; };
		5AEDBD942F6F1A5700F773A3 /* FeatureComments in Frameworks */ = {isa = PBXBuildFile; productRef = 5AEDBD932F6F1A5700F773A3 /* FeatureComments */; };
		5AEDBD972F6F1A8E00F773A3 /* FeatureFavorites in Frameworks */ = {isa = PBXBuildFile; productRef = 5AEDBD962F6F1A8E00F773A3 /* FeatureFavorites */; };
		5AEDBD9A2F6F1AC400F773A3 /* FeatureHome in Frameworks */ = {isa = PBXBuildFile; productRef = 5AEDBD992F6F1AC400F773A3 /* FeatureHome */; };
		5AEDBD9D2F6F1B1E00F773A3 /* FeatureIntelligence in Frameworks */ = {isa = PBXBuildFile; productRef = 5AEDBD9C2F6F1B1E00F773A3 /* FeatureIntelligence */; };
		5AEDBDA02F6F1B5700F773A3 /* FeatureMarket in Frameworks */ = {isa = PBXBuildFile; productRef = 5AEDBD9F2F6F1B5700F773A3 /* FeatureMarket */; };
		5AEDBDA32F6F1B9100F773A3 /* CoreNotifications in Frameworks */ = {isa = PBXBuildFile; productRef = 5AEDBDA22F6F1B9100F773A3 /* CoreNotifications */; };
		5AEDBDA62F6F1C4C00F773A3 /* FeaturePayments in Frameworks */ = {isa = PBXBuildFile; productRef = 5AEDBDA52F6F1C4C00F773A3 /* FeaturePayments */; };
		5AEDBDA92F6F1C8A00F773A3 /* FeatureProfile in Frameworks */ = {isa = PBXBuildFile; productRef = 5AEDBDA82F6F1C8A00F773A3 /* FeatureProfile */; };
		5AEDBDAC2F6F1CC800F773A3 /* FeatureProperty in Frameworks */ = {isa = PBXBuildFile; productRef = 5AEDBDAB2F6F1CC800F773A3 /* FeatureProperty */; };
		5AEDBDAF2F6F1CFC00F773A3 /* FeatureSearch in Frameworks */ = {isa = PBXBuildFile; productRef = 5AEDBDAE2F6F1CFC00F773A3 /* FeatureSearch */; };
		5AEDBDB22F6F1D2F00F773A3 /* FeatureService in Frameworks */ = {isa = PBXBuildFile; productRef = 5AEDBDB12F6F1D2F00F773A3 /* FeatureService */; };
		5AEDBDB52F6F1D5D00F773A3 /* FeatureSettings in Frameworks */ = {isa = PBXBuildFile; productRef = 5AEDBDB42F6F1D5D00F773A3 /* FeatureSettings */; };
/* End PBXBuildFile section */

/* Begin PBXContainerItemProxy section */
		5AA8A6612DC3952200F71CEF /* PBXContainerItemProxy */ = {
			isa = PBXContainerItemProxy;
			containerPortal = 5AA8A64B2DC3952000F71CEF /* Project object */;
			proxyType = 1;
			remoteGlobalIDString = 5AA8A6522DC3952000F71CEF;
			remoteInfo = estatia;
		};
		5AA8A66B2DC3952200F71CEF /* PBXContainerItemProxy */ = {
			isa = PBXContainerItemProxy;
			containerPortal = 5AA8A64B2DC3952000F71CEF /* Project object */;
			proxyType = 1;
			remoteGlobalIDString = 5AA8A6522DC3952000F71CEF;
			remoteInfo = estatia;
		};
/* End PBXContainerItemProxy section */

/* Begin PBXCopyFilesBuildPhase section */
		5ADA02A82F0371E00071E1DF /* Embed Frameworks */ = {
			isa = PBXCopyFilesBuildPhase;
			buildActionMask = 2147483647;
			dstPath = "";
			dstSubfolderSpec = 10;
			files = (
			);
			name = "Embed Frameworks";
			runOnlyForDeploymentPostprocessing = 0;
		};
/* End PBXCopyFilesBuildPhase section */

/* Begin PBXFileReference section */
		5A9B9D962DCF93C700835345 /* Launch Screen.storyboard */ = {isa = PBXFileReference; lastKnownFileType = file.storyboard; path = "Launch Screen.storyboard"; sourceTree = "<group>"; };
		5AA8A6532DC3952000F71CEF /* estatia.app */ = {isa = PBXFileReference; explicitFileType = wrapper.application; includeInIndex = 0; path = estatia.app; sourceTree = BUILT_PRODUCTS_DIR; };
		5AA8A6602DC3952200F71CEF /* estatiaTests.xctest */ = {isa = PBXFileReference; explicitFileType = wrapper.cfbundle; includeInIndex = 0; path = estatiaTests.xctest; sourceTree = BUILT_PRODUCTS_DIR; };
		5AA8A66A2DC3952200F71CEF /* estatiaUITests.xctest */ = {isa = PBXFileReference; explicitFileType = wrapper.cfbundle; includeInIndex = 0; path = estatiaUITests.xctest; sourceTree = BUILT_PRODUCTS_DIR; };
/* End PBXFileReference section */

/* Begin PBXFileSystemSynchronizedRootGroup section */
		5AA8A6552DC3952000F71CEF /* estatia */ = {
			isa = PBXFileSystemSynchronizedRootGroup;
			path = estatia;
			sourceTree = "<group>";
		};
		5AA8A6632DC3952200F71CEF /* estatiaTests */ = {
			isa = PBXFileSystemSynchronizedRootGroup;
			path = estatiaTests;
			sourceTree = "<group>";
		};
		5AA8A66D2DC3952200F71CEF /* estatiaUITests */ = {
			isa = PBXFileSystemSynchronizedRootGroup;
			path = estatiaUITests;
			sourceTree = "<group>";
		};
/* End PBXFileSystemSynchronizedRootGroup section */

/* Begin PBXFrameworksBuildPhase section */
		5AA8A6502DC3952000F71CEF /* Frameworks */ = {
			isa = PBXFrameworksBuildPhase;
			buildActionMask = 2147483647;
			files = (
				5A70DF5D2F6A9E7D0075AF00 /* testing in Frameworks */,
				5AEDBD702F6F17A300F773A3 /* CoreData in Frameworks */,
				5A70DF5A2F6A9E3A0075AF00 /* security in Frameworks */,
				5A70DF4B2F6A9CAD0075AF00 /* model in Frameworks */,
				5A392A6E2F69E29D003CE8F2 /* domain in Frameworks */,
				5AEDBD8B2F6F19A800F773A3 /* CoreUI in Frameworks */,
				5AEDBD6A2F6F172800F773A3 /* CoreAnalytics in Frameworks */,
				5A1694572DC62E2800245881 /* FirebaseVertexAI in Frameworks */,
				5A70DF632F6A9F660075AF00 /* auth in Frameworks */,
				5A1694432DC62E2800245881 /* FirebaseFunctions in Frameworks */,
				5AEDBDB22F6F1D2F00F773A3 /* FeatureService in Frameworks */,
				5AEDBD882F6F197700F773A3 /* CoreTesting in Frameworks */,
				5A16944F2DC62E2800245881 /* FirebasePerformance in Frameworks */,
				5AEDBD732F6F17DB00F773A3 /* CoreDatabase in Frameworks */,
				5A1694512DC62E2800245881 /* FirebaseRemoteConfig in Frameworks */,
				5A70DF752F6AA1250075AF00 /* market in Frameworks */,
				5AEDBDB52F6F1D5D00F773A3 /* FeatureSettings in Frameworks */,
				5AEDBD972F6F1A8E00F773A3 /* FeatureFavorites in Frameworks */,
				5A16943B2DC62E2800245881 /* FirebaseDatabase in Frameworks */,
				5A70DF782F6AA16E0075AF00 /* payments in Frameworks */,
				5A16943D2DC62E2800245881 /* FirebaseDynamicLinks in Frameworks */,
				5A16942F2DC62E2800245881 /* FirebaseAppCheck in Frameworks */,
				5A1694332DC62E2800245881 /* FirebaseAuth in Frameworks */,
				5AEDBD8E2F6F19E200F773A3 /* FeatureAuth in Frameworks */,
				5A70DF572F6A9DB30075AF00 /* PlayerUI in Frameworks */,
				5A1694292DC62E2800245881 /* FirebaseAnalytics in Frameworks */,
				5A392A502F69DEC4003CE8F2 /* model in Frameworks */,
				5A16943F2DC62E2800245881 /* FirebaseFirestore in Frameworks */,
				5A70DF4E2F6A9CE20075AF00 /* network in Frameworks */,
				5A16944D2DC62E2800245881 /* FirebaseMessaging in Frameworks */,
				5AEDBD942F6F1A5700F773A3 /* FeatureComments in Frameworks */,
				5AEDBDA92F6F1C8A00F773A3 /* FeatureProfile in Frameworks */,
				5A70DF6F2F6AA0910075AF00 /* home in Frameworks */,
				5A70DF602F6A9ED10075AF00 /* ui in Frameworks */,
				5AEDBD912F6F1A1F00F773A3 /* FeatureChats in Frameworks */,
				5AEDBDA02F6F1B5700F773A3 /* FeatureMarket in Frameworks */,
				5A70DF872F6AA3AA0075AF00 /* service in Frameworks */,
				5AEDBD822F6F191400F773A3 /* CorePlayerUI in Frameworks */,
				5A70DF6C2F6AA03D0075AF00 /* favorites in Frameworks */,
				5A70DF7E2F6AA2C90075AF00 /* profile in Frameworks */,
				5A1694492DC62E2800245881 /* FirebaseInstallations in Frameworks */,
				5AEDBDAF2F6F1CFC00F773A3 /* FeatureSearch in Frameworks */,
				5AEDBDA62F6F1C4C00F773A3 /* FeaturePayments in Frameworks */,
				5A70DF722F6AA0DF0075AF00 /* intelligence in Frameworks */,
				5A1694312DC62E2800245881 /* FirebaseAppDistribution-Beta in Frameworks */,
				5AEDBDA32F6F1B9100F773A3 /* CoreNotifications in Frameworks */,
				5A16942D2DC62E2800245881 /* FirebaseAnalyticsWithoutAdIdSupport in Frameworks */,
				5A392A622F69E0EB003CE8F2 /* analytics in Frameworks */,
				5A70DF662F6A9FAD0075AF00 /* chats in Frameworks */,
				5A1694472DC62E2800245881 /* FirebaseInAppMessaging-Beta in Frameworks */,
				5A1694392DC62E2800245881 /* FirebaseCrashlytics in Frameworks */,
				5A70DF512F6A9D110075AF00 /* notifications in Frameworks */,
				5AEDBD852F6F194400F773A3 /* CoreSecurity in Frameworks */,
				5A16944B2DC62E2800245881 /* FirebaseMLModelDownloader in Frameworks */,
				5A1694532DC62E2800245881 /* FirebaseStorage in Frameworks */,
				5AEDBD6D2F6F176600F773A3 /* CoreCommon in Frameworks */,
				5A392A652F69E136003CE8F2 /* common in Frameworks */,
				5A70DF812F6AA31F0075AF00 /* property in Frameworks */,
				5AEDBD792F6F185900F773A3 /* CoreModel in Frameworks */,
				5AEDBD7F2F6F18DF00F773A3 /* CorePlayerEngine in Frameworks */,
				5AEDBD9A2F6F1AC400F773A3 /* FeatureHome in Frameworks */,
				5A70DF7B2F6AA2080075AF00 /* player in Frameworks */,
				5AEDBD762F6F181A00F773A3 /* CoreDomain in Frameworks */,
				5A1694372DC62E2800245881 /* FirebaseCore in Frameworks */,
				5A70DF8A2F6AA3E80075AF00 /* settings in Frameworks */,
				5A70DF842F6AA3660075AF00 /* search in Frameworks */,
				5AEDBDAC2F6F1CC800F773A3 /* FeatureProperty in Frameworks */,
				5AEDBD7C2F6F18AB00F773A3 /* CoreNetwork in Frameworks */,
				5A70DF692F6A9FFB0075AF00 /* comments in Frameworks */,
				5A392A682F69E212003CE8F2 /* data in Frameworks */,
				5A16942B2DC62E2800245881 /* FirebaseAnalyticsOnDeviceConversion in Frameworks */,
				5A392A6B2F69E256003CE8F2 /* database in Frameworks */,
				5AEDBD9D2F6F1B1E00F773A3 /* FeatureIntelligence in Frameworks */,
				5A70DF542F6A9D7C0075AF00 /* PlayerEngine in Frameworks */,
			);
			runOnlyForDeploymentPostprocessing = 0;
		};
		5AA8A65D2DC3952200F71CEF /* Frameworks */ = {
			isa = PBXFrameworksBuildPhase;
			buildActionMask = 2147483647;
			files = (
			);
			runOnlyForDeploymentPostprocessing = 0;
		};
		5AA8A6672DC3952200F71CEF /* Frameworks */ = {
			isa = PBXFrameworksBuildPhase;
			buildActionMask = 2147483647;
			files = (
			);
			runOnlyForDeploymentPostprocessing = 0;
		};
/* End PBXFrameworksBuildPhase section */

/* Begin PBXGroup section */
		5AA8A64A2DC3952000F71CEF = {
			isa = PBXGroup;
			children = (
				5A9B9D962DCF93C700835345 /* Launch Screen.storyboard */,
				5AA8A6552DC3952000F71CEF /* estatia */,
				5AA8A6632DC3952200F71CEF /* estatiaTests */,
				5AA8A66D2DC3952200F71CEF /* estatiaUITests */,
				5AA8A6542DC3952000F71CEF /* Products */,
			);
			sourceTree = "<group>";
		};
		5AA8A6542DC3952000F71CEF /* Products */ = {
			isa = PBXGroup;
			children = (
				5AA8A6532DC3952000F71CEF /* estatia.app */,
				5AA8A6602DC3952200F71CEF /* estatiaTests.xctest */,
				5AA8A66A2DC3952200F71CEF /* estatiaUITests.xctest */,
			);
			name = Products;
			sourceTree = "<group>";
		};
/* End PBXGroup section */

/* Begin PBXNativeTarget section */
		5AA8A6522DC3952000F71CEF /* estatia */ = {
			isa = PBXNativeTarget;
			buildConfigurationList = 5AA8A6742DC3952200F71CEF /* Build configuration list for PBXNativeTarget "estatia" */;
			buildPhases = (
				5AA8A64F2DC3952000F71CEF /* Sources */,
				5AA8A6502DC3952000F71CEF /* Frameworks */,
				5AA8A6512DC3952000F71CEF /* Resources */,
				5ADA02A82F0371E00071E1DF /* Embed Frameworks */,
			);
			buildRules = (
			);
			dependencies = (
			);
			fileSystemSynchronizedGroups = (
				5AA8A6552DC3952000F71CEF /* estatia */,
			);
			name = estatia;
			packageProductDependencies = (
				5A1694282DC62E2800245881 /* FirebaseAnalytics */,
				5A16942A2DC62E2800245881 /* FirebaseAnalyticsOnDeviceConversion */,
				5A16942C2DC62E2800245881 /* FirebaseAnalyticsWithoutAdIdSupport */,
				5A16942E2DC62E2800245881 /* FirebaseAppCheck */,
				5A1694302DC62E2800245881 /* FirebaseAppDistribution-Beta */,
				5A1694322DC62E2800245881 /* FirebaseAuth */,
				5A1694362DC62E2800245881 /* FirebaseCore */,
				5A1694382DC62E2800245881 /* FirebaseCrashlytics */,
				5A16943A2DC62E2800245881 /* FirebaseDatabase */,
				5A16943C2DC62E2800245881 /* FirebaseDynamicLinks */,
				5A16943E2DC62E2800245881 /* FirebaseFirestore */,
				5A1694422DC62E2800245881 /* FirebaseFunctions */,
				5A1694462DC62E2800245881 /* FirebaseInAppMessaging-Beta */,
				5A1694482DC62E2800245881 /* FirebaseInstallations */,
				5A16944A2DC62E2800245881 /* FirebaseMLModelDownloader */,
				5A16944C2DC62E2800245881 /* FirebaseMessaging */,
				5A16944E2DC62E2800245881 /* FirebasePerformance */,
				5A1694502DC62E2800245881 /* FirebaseRemoteConfig */,
				5A1694522DC62E2800245881 /* FirebaseStorage */,
				5A1694562DC62E2800245881 /* FirebaseVertexAI */,
				5A392A4F2F69DEC4003CE8F2 /* model */,
				5A392A612F69E0EB003CE8F2 /* analytics */,
				5A392A642F69E136003CE8F2 /* common */,
				5A392A672F69E212003CE8F2 /* data */,
				5A392A6A2F69E256003CE8F2 /* database */,
				5A392A6D2F69E29D003CE8F2 /* domain */,
				5A70DF4A2F6A9CAD0075AF00 /* model */,
				5A70DF4D2F6A9CE20075AF00 /* network */,
				5A70DF502F6A9D110075AF00 /* notifications */,
				5A70DF532F6A9D7C0075AF00 /* PlayerEngine */,
				5A70DF562F6A9DB30075AF00 /* PlayerUI */,
				5A70DF592F6A9E3A0075AF00 /* security */,
				5A70DF5C2F6A9E7D0075AF00 /* testing */,
				5A70DF5F2F6A9ED10075AF00 /* ui */,
				5A70DF622F6A9F660075AF00 /* auth */,
				5A70DF652F6A9FAD0075AF00 /* chats */,
				5A70DF682F6A9FFB0075AF00 /* comments */,
				5A70DF6B2F6AA03D0075AF00 /* favorites */,
				5A70DF6E2F6AA0910075AF00 /* home */,
				5A70DF712F6AA0DF0075AF00 /* intelligence */,
				5A70DF742F6AA1250075AF00 /* market */,
				5A70DF772F6AA16E0075AF00 /* payments */,
				5A70DF7A2F6AA2080075AF00 /* player */,
				5A70DF7D2F6AA2C90075AF00 /* profile */,
				5A70DF802F6AA31F0075AF00 /* property */,
				5A70DF832F6AA3660075AF00 /* search */,
				5A70DF862F6AA3AA0075AF00 /* service */,
				5A70DF892F6AA3E80075AF00 /* settings */,
				5AEDBD692F6F172800F773A3 /* CoreAnalytics */,
				5AEDBD6C2F6F176600F773A3 /* CoreCommon */,
				5AEDBD6F2F6F17A300F773A3 /* CoreData */,
				5AEDBD722F6F17DB00F773A3 /* CoreDatabase */,
				5AEDBD752F6F181A00F773A3 /* CoreDomain */,
				5AEDBD782F6F185900F773A3 /* CoreModel */,
				5AEDBD7B2F6F18AB00F773A3 /* CoreNetwork */,
				5AEDBD7E2F6F18DF00F773A3 /* CorePlayerEngine */,
				5AEDBD812F6F191400F773A3 /* CorePlayerUI */,
				5AEDBD842F6F194400F773A3 /* CoreSecurity */,
				5AEDBD872F6F197700F773A3 /* CoreTesting */,
				5AEDBD8A2F6F19A800F773A3 /* CoreUI */,
				5AEDBD8D2F6F19E200F773A3 /* FeatureAuth */,
				5AEDBD902F6F1A1F00F773A3 /* FeatureChats */,
				5AEDBD932F6F1A5700F773A3 /* FeatureComments */,
				5AEDBD962F6F1A8E00F773A3 /* FeatureFavorites */,
				5AEDBD992F6F1AC400F773A3 /* FeatureHome */,
				5AEDBD9C2F6F1B1E00F773A3 /* FeatureIntelligence */,
				5AEDBD9F2F6F1B5700F773A3 /* FeatureMarket */,
				5AEDBDA22F6F1B9100F773A3 /* CoreNotifications */,
				5AEDBDA52F6F1C4C00F773A3 /* FeaturePayments */,
				5AEDBDA82F6F1C8A00F773A3 /* FeatureProfile */,
				5AEDBDAB2F6F1CC800F773A3 /* FeatureProperty */,
				5AEDBDAE2F6F1CFC00F773A3 /* FeatureSearch */,
				5AEDBDB12F6F1D2F00F773A3 /* FeatureService */,
				5AEDBDB42F6F1D5D00F773A3 /* FeatureSettings */,
			);
			productName = estatia;
			productReference = 5AA8A6532DC3952000F71CEF /* estatia.app */;
			productType = "com.apple.product-type.application";
		};
		5AA8A65F2DC3952200F71CEF /* estatiaTests */ = {
			isa = PBXNativeTarget;
			buildConfigurationList = 5AA8A6772DC3952200F71CEF /* Build configuration list for PBXNativeTarget "estatiaTests" */;
			buildPhases = (
				5AA8A65C2DC3952200F71CEF /* Sources */,
				5AA8A65D2DC3952200F71CEF /* Frameworks */,
				5AA8A65E2DC3952200F71CEF /* Resources */,
			);
			buildRules = (
			);
			dependencies = (
				5AA8A6622DC3952200F71CEF /* PBXTargetDependency */,
			);
			fileSystemSynchronizedGroups = (
				5AA8A6632DC3952200F71CEF /* estatiaTests */,
			);
			name = estatiaTests;
			packageProductDependencies = (
			);
			productName = estatiaTests;
			productReference = 5AA8A6602DC3952200F71CEF /* estatiaTests.xctest */;
			productType = "com.apple.product-type.bundle.unit-test";
		};
		5AA8A6692DC3952200F71CEF /* estatiaUITests */ = {
			isa = PBXNativeTarget;
			buildConfigurationList = 5AA8A67A2DC3952200F71CEF /* Build configuration list for PBXNativeTarget "estatiaUITests" */;
			buildPhases = (
				5AA8A6662DC3952200F71CEF /* Sources */,
				5AA8A6672DC3952200F71CEF /* Frameworks */,
				5AA8A6682DC3952200F71CEF /* Resources */,
			);
			buildRules = (
			);
			dependencies = (
				5AA8A66C2DC3952200F71CEF /* PBXTargetDependency */,
			);
			fileSystemSynchronizedGroups = (
				5AA8A66D2DC3952200F71CEF /* estatiaUITests */,
			);
			name = estatiaUITests;
			packageProductDependencies = (
			);
			productName = estatiaUITests;
			productReference = 5AA8A66A2DC3952200F71CEF /* estatiaUITests.xctest */;
			productType = "com.apple.product-type.bundle.ui-testing";
		};
/* End PBXNativeTarget section */

/* Begin PBXProject section */
		5AA8A64B2DC3952000F71CEF /* Project object */ = {
			isa = PBXProject;
			attributes = {
				BuildIndependentTargetsInParallel = 1;
				LastSwiftUpdateCheck = 2610;
				LastUpgradeCheck = 2610;
				TargetAttributes = {
					5AA8A6522DC3952000F71CEF = {
						CreatedOnToolsVersion = 16.3;
					};
					5AA8A65F2DC3952200F71CEF = {
						CreatedOnToolsVersion = 16.3;
						TestTargetID = 5AA8A6522DC3952000F71CEF;
					};
					5AA8A6692DC3952200F71CEF = {
						CreatedOnToolsVersion = 16.3;
						TestTargetID = 5AA8A6522DC3952000F71CEF;
					};
				};
			};
			buildConfigurationList = 5AA8A64E2DC3952000F71CEF /* Build configuration list for PBXProject "estatia" */;
			developmentRegion = en;
			hasScannedForEncodings = 0;
			knownRegions = (
				en,
				Base,
			);
			mainGroup = 5AA8A64A2DC3952000F71CEF;
			minimizedProjectReferenceProxies = 1;
			packageReferences = (
				5A1694272DC62E2800245881 /* XCRemoteSwiftPackageReference "firebase-ios-sdk" */,
				5AEDBD682F6F172800F773A3 /* XCLocalSwiftPackageReference "packages/CoreAnalytics" */,
				5AEDBD6B2F6F176600F773A3 /* XCLocalSwiftPackageReference "packages/CoreCommon" */,
				5AEDBD6E2F6F17A300F773A3 /* XCLocalSwiftPackageReference "packages/CoreData" */,
				5AEDBD712F6F17DB00F773A3 /* XCLocalSwiftPackageReference "packages/CoreDatabase" */,
				5AEDBD742F6F181A00F773A3 /* XCLocalSwiftPackageReference "packages/CoreDomain" */,
				5AEDBD772F6F185900F773A3 /* XCLocalSwiftPackageReference "packages/CoreModel" */,
				5AEDBD7A2F6F18AB00F773A3 /* XCLocalSwiftPackageReference "packages/CoreNetwork" */,
				5AEDBD7D2F6F18DF00F773A3 /* XCLocalSwiftPackageReference "packages/CorePlayerEngine" */,
				5AEDBD802F6F191400F773A3 /* XCLocalSwiftPackageReference "packages/CorePlayerUI" */,
				5AEDBD832F6F194400F773A3 /* XCLocalSwiftPackageReference "packages/CoreSecurity" */,
				5AEDBD862F6F197700F773A3 /* XCLocalSwiftPackageReference "packages/CoreTesting" */,
				5AEDBD892F6F19A800F773A3 /* XCLocalSwiftPackageReference "packages/CoreUI" */,
				5AEDBD8C2F6F19E200F773A3 /* XCLocalSwiftPackageReference "packages/FeatureAuth" */,
				5AEDBD8F2F6F1A1F00F773A3 /* XCLocalSwiftPackageReference "packages/FeatureChats" */,
				5AEDBD922F6F1A5700F773A3 /* XCLocalSwiftPackageReference "packages/FeatureComments" */,
				5AEDBD952F6F1A8E00F773A3 /* XCLocalSwiftPackageReference "packages/FeatureFavorites" */,
				5AEDBD982F6F1AC400F773A3 /* XCLocalSwiftPackageReference "packages/FeatureHome" */,
				5AEDBD9B2F6F1B1E00F773A3 /* XCLocalSwiftPackageReference "packages/FeatureIntelligence" */,
				5AEDBD9E2F6F1B5700F773A3 /* XCLocalSwiftPackageReference "packages/FeatureMarket" */,
				5AEDBDA12F6F1B9100F773A3 /* XCLocalSwiftPackageReference "packages/FeatureNotifications" */,
				5AEDBDA42F6F1C4C00F773A3 /* XCLocalSwiftPackageReference "packages/FeaturePayments" */,
				5AEDBDA72F6F1C8900F773A3 /* XCLocalSwiftPackageReference "packages/FeatureProfile" */,
				5AEDBDAA2F6F1CC800F773A3 /* XCLocalSwiftPackageReference "packages/FeatureProperty" */,
				5AEDBDAD2F6F1CFC00F773A3 /* XCLocalSwiftPackageReference "packages/FeatureSearch" */,
				5AEDBDB02F6F1D2F00F773A3 /* XCLocalSwiftPackageReference "packages/FeatureService" */,
				5AEDBDB32F6F1D5D00F773A3 /* XCLocalSwiftPackageReference "packages/FeatureSettings" */,
			);
			preferredProjectObjectVersion = 77;
			productRefGroup = 5AA8A6542DC3952000F71CEF /* Products */;
			projectDirPath = "";
			projectRoot = "";
			targets = (
				5AA8A6522DC3952000F71CEF /* estatia */,
				5AA8A65F2DC3952200F71CEF /* estatiaTests */,
				5AA8A6692DC3952200F71CEF /* estatiaUITests */,
			);
		};
/* End PBXProject section */

/* Begin PBXResourcesBuildPhase section */
		5AA8A6512DC3952000F71CEF /* Resources */ = {
			isa = PBXResourcesBuildPhase;
			buildActionMask = 2147483647;
			files = (
				5A9B9D972DCF93C700835345 /* Launch Screen.storyboard in Resources */,
			);
			runOnlyForDeploymentPostprocessing = 0;
		};
		5AA8A65E2DC3952200F71CEF /* Resources */ = {
			isa = PBXResourcesBuildPhase;
			buildActionMask = 2147483647;
			files = (
			);
			runOnlyForDeploymentPostprocessing = 0;
		};
		5AA8A6682DC3952200F71CEF /* Resources */ = {
			isa = PBXResourcesBuildPhase;
			buildActionMask = 2147483647;
			files = (
			);
			runOnlyForDeploymentPostprocessing = 0;
		};
/* End PBXResourcesBuildPhase section */

/* Begin PBXSourcesBuildPhase section */
		5AA8A64F2DC3952000F71CEF /* Sources */ = {
			isa = PBXSourcesBuildPhase;
			buildActionMask = 2147483647;
			files = (
			);
			runOnlyForDeploymentPostprocessing = 0;
		};
		5AA8A65C2DC3952200F71CEF /* Sources */ = {
			isa = PBXSourcesBuildPhase;
			buildActionMask = 2147483647;
			files = (
			);
			runOnlyForDeploymentPostprocessing = 0;
		};
		5AA8A6662DC3952200F71CEF /* Sources */ = {
			isa = PBXSourcesBuildPhase;
			buildActionMask = 2147483647;
			files = (
			);
			runOnlyForDeploymentPostprocessing = 0;
		};
/* End PBXSourcesBuildPhase section */

/* Begin PBXTargetDependency section */
		5AA8A6622DC3952200F71CEF /* PBXTargetDependency */ = {
			isa = PBXTargetDependency;
			target = 5AA8A6522DC3952000F71CEF /* estatia */;
			targetProxy = 5AA8A6612DC3952200F71CEF /* PBXContainerItemProxy */;
		};
		5AA8A66C2DC3952200F71CEF /* PBXTargetDependency */ = {
			isa = PBXTargetDependency;
			target = 5AA8A6522DC3952000F71CEF /* estatia */;
			targetProxy = 5AA8A66B2DC3952200F71CEF /* PBXContainerItemProxy */;
		};
/* End PBXTargetDependency section */

/* Begin XCBuildConfiguration section */
		5AA8A6722DC3952200F71CEF /* Debug */ = {
			isa = XCBuildConfiguration;
			buildSettings = {
				ALWAYS_SEARCH_USER_PATHS = NO;
				ASSETCATALOG_COMPILER_GENERATE_SWIFT_ASSET_SYMBOL_EXTENSIONS = YES;
				CLANG_ANALYZER_NONNULL = YES;
				CLANG_ANALYZER_NUMBER_OBJECT_CONVERSION = YES_AGGRESSIVE;
				CLANG_CXX_LANGUAGE_STANDARD = "gnu++20";
				CLANG_ENABLE_MODULES = YES;
				CLANG_ENABLE_OBJC_ARC = YES;
				CLANG_ENABLE_OBJC_WEAK = YES;
				CLANG_WARN_BLOCK_CAPTURE_AUTORELEASING = YES;
				CLANG_WARN_BOOL_CONVERSION = YES;
				CLANG_WARN_COMMA = YES;
				CLANG_WARN_CONSTANT_CONVERSION = YES;
				CLANG_WARN_DEPRECATED_OBJC_IMPLEMENTATIONS = YES;
				CLANG_WARN_DIRECT_OBJC_ISA_USAGE = YES_ERROR;
				CLANG_WARN_DOCUMENTATION_COMMENTS = YES;
				CLANG_WARN_EMPTY_BODY = YES;
				CLANG_WARN_ENUM_CONVERSION = YES;
				CLANG_WARN_INFINITE_RECURSION = YES;
				CLANG_WARN_INT_CONVERSION = YES;
				CLANG_WARN_NON_LITERAL_NULL_CONVERSION = YES;
				CLANG_WARN_OBJC_IMPLICIT_RETAIN_SELF = YES;
				CLANG_WARN_OBJC_LITERAL_CONVERSION = YES;
				CLANG_WARN_OBJC_ROOT_CLASS = YES_ERROR;
				CLANG_WARN_QUOTED_INCLUDE_IN_FRAMEWORK_HEADER = YES;
				CLANG_WARN_RANGE_LOOP_ANALYSIS = YES;
				CLANG_WARN_STRICT_PROTOTYPES = YES;
				CLANG_WARN_SUSPICIOUS_MOVE = YES;
				CLANG_WARN_UNGUARDED_AVAILABILITY = YES_AGGRESSIVE;
				CLANG_WARN_UNREACHABLE_CODE = YES;
				CLANG_WARN__DUPLICATE_METHOD_MATCH = YES;
				COPY_PHASE_STRIP = NO;
				DEBUG_INFORMATION_FORMAT = dwarf;
				ENABLE_STRICT_OBJC_MSGSEND = YES;
				ENABLE_TESTABILITY = YES;
				ENABLE_USER_SCRIPT_SANDBOXING = YES;
				GCC_C_LANGUAGE_STANDARD = gnu17;
				GCC_DYNAMIC_NO_PIC = NO;
				GCC_NO_COMMON_BLOCKS = YES;
				GCC_OPTIMIZATION_LEVEL = 0;
				GCC_PREPROCESSOR_DEFINITIONS = (
					"DEBUG=1",
					"$(inherited)",
				);
				GCC_WARN_64_TO_32_BIT_CONVERSION = YES;
				GCC_WARN_ABOUT_RETURN_TYPE = YES_ERROR;
				GCC_WARN_UNDECLARED_SELECTOR = YES;
				GCC_WARN_UNINITIALIZED_AUTOS = YES_AGGRESSIVE;
				GCC_WARN_UNUSED_FUNCTION = YES;
				GCC_WARN_UNUSED_VARIABLE = YES;
				IPHONEOS_DEPLOYMENT_TARGET = 18.4;
				LOCALIZATION_PREFERS_STRING_CATALOGS = YES;
				MTL_ENABLE_DEBUG_INFO = INCLUDE_SOURCE;
				MTL_FAST_MATH = YES;
				ONLY_ACTIVE_ARCH = YES;
				SDKROOT = iphoneos;
				STRING_CATALOG_GENERATE_SYMBOLS = YES;
				SWIFT_ACTIVE_COMPILATION_CONDITIONS = "DEBUG $(inherited)";
				SWIFT_OPTIMIZATION_LEVEL = "-Onone";
			};
			name = Debug;
		};
		5AA8A6732DC3952200F71CEF /* Release */ = {
			isa = XCBuildConfiguration;
			buildSettings = {
				ALWAYS_SEARCH_USER_PATHS = NO;
				ASSETCATALOG_COMPILER_GENERATE_SWIFT_ASSET_SYMBOL_EXTENSIONS = YES;
				CLANG_ANALYZER_NONNULL = YES;
				CLANG_ANALYZER_NUMBER_OBJECT_CONVERSION = YES_AGGRESSIVE;
				CLANG_CXX_LANGUAGE_STANDARD = "gnu++20";
				CLANG_ENABLE_MODULES = YES;
				CLANG_ENABLE_OBJC_ARC = YES;
				CLANG_ENABLE_OBJC_WEAK = YES;
				CLANG_WARN_BLOCK_CAPTURE_AUTORELEASING = YES;
				CLANG_WARN_BOOL_CONVERSION = YES;
				CLANG_WARN_COMMA = YES;
				CLANG_WARN_CONSTANT_CONVERSION = YES;
				CLANG_WARN_DEPRECATED_OBJC_IMPLEMENTATIONS = YES;
				CLANG_WARN_DIRECT_OBJC_ISA_USAGE = YES_ERROR;
				CLANG_WARN_DOCUMENTATION_COMMENTS = YES;
				CLANG_WARN_EMPTY_BODY = YES;
				CLANG_WARN_ENUM_CONVERSION = YES;
				CLANG_WARN_INFINITE_RECURSION = YES;
				CLANG_WARN_INT_CONVERSION = YES;
				CLANG_WARN_NON_LITERAL_NULL_CONVERSION = YES;
				CLANG_WARN_OBJC_IMPLICIT_RETAIN_SELF = YES;
				CLANG_WARN_OBJC_LITERAL_CONVERSION = YES;
				CLANG_WARN_OBJC_ROOT_CLASS = YES_ERROR;
				CLANG_WARN_QUOTED_INCLUDE_IN_FRAMEWORK_HEADER = YES;
				CLANG_WARN_RANGE_LOOP_ANALYSIS = YES;
				CLANG_WARN_STRICT_PROTOTYPES = YES;
				CLANG_WARN_SUSPICIOUS_MOVE = YES;
				CLANG_WARN_UNGUARDED_AVAILABILITY = YES_AGGRESSIVE;
				CLANG_WARN_UNREACHABLE_CODE = YES;
				CLANG_WARN__DUPLICATE_METHOD_MATCH = YES;
				COPY_PHASE_STRIP = NO;
				DEBUG_INFORMATION_FORMAT = "dwarf-with-dsym";
				ENABLE_NS_ASSERTIONS = NO;
				ENABLE_STRICT_OBJC_MSGSEND = YES;
				ENABLE_USER_SCRIPT_SANDBOXING = YES;
				GCC_C_LANGUAGE_STANDARD = gnu17;
				GCC_NO_COMMON_BLOCKS = YES;
				GCC_WARN_64_TO_32_BIT_CONVERSION = YES;
				GCC_WARN_ABOUT_RETURN_TYPE = YES_ERROR;
				GCC_WARN_UNDECLARED_SELECTOR = YES;
				GCC_WARN_UNINITIALIZED_AUTOS = YES_AGGRESSIVE;
				GCC_WARN_UNUSED_FUNCTION = YES;
				GCC_WARN_UNUSED_VARIABLE = YES;
				IPHONEOS_DEPLOYMENT_TARGET = 18.4;
				LOCALIZATION_PREFERS_STRING_CATALOGS = YES;
				MTL_ENABLE_DEBUG_INFO = NO;
				MTL_FAST_MATH = YES;
				SDKROOT = iphoneos;
				STRING_CATALOG_GENERATE_SYMBOLS = YES;
				SWIFT_COMPILATION_MODE = wholemodule;
				VALIDATE_PRODUCT = YES;
			};
			name = Release;
		};
		5AA8A6752DC3952200F71CEF /* Debug */ = {
			isa = XCBuildConfiguration;
			buildSettings = {
				ASSETCATALOG_COMPILER_APPICON_NAME = AppIcon;
				ASSETCATALOG_COMPILER_GLOBAL_ACCENT_COLOR_NAME = AccentColor;
				ASSETCATALOG_COMPILER_INCLUDE_ALL_APPICON_ASSETS = YES;
				CODE_SIGN_STYLE = Automatic;
				CURRENT_PROJECT_VERSION = 1;
				ENABLE_PREVIEWS = YES;
				GENERATE_INFOPLIST_FILE = YES;
				INFOPLIST_KEY_UIApplicationSceneManifest_Generation = YES;
				INFOPLIST_KEY_UIApplicationSupportsIndirectInputEvents = YES;
				INFOPLIST_KEY_UILaunchScreen_Generation = YES;
				INFOPLIST_KEY_UILaunchStoryboardName = "Launch Screen";
				INFOPLIST_KEY_UISupportedInterfaceOrientations_iPad = "UIInterfaceOrientationPortrait UIInterfaceOrientationPortraitUpsideDown UIInterfaceOrientationLandscapeLeft UIInterfaceOrientationLandscapeRight";
				INFOPLIST_KEY_UISupportedInterfaceOrientations_iPhone = "UIInterfaceOrientationPortrait UIInterfaceOrientationLandscapeLeft UIInterfaceOrientationLandscapeRight";
				LD_RUNPATH_SEARCH_PATHS = (
					"$(inherited)",
					"@executable_path/Frameworks",
				);
				MARKETING_VERSION = 1.0;
				PRODUCT_BUNDLE_IDENTIFIER = com.application.estatia;
				PRODUCT_NAME = "$(TARGET_NAME)";
				SWIFT_EMIT_LOC_STRINGS = YES;
				SWIFT_VERSION = 5.0;
				TARGETED_DEVICE_FAMILY = "1,2";
			};
			name = Debug;
		};
		5AA8A6762DC3952200F71CEF /* Release */ = {
			isa = XCBuildConfiguration;
			buildSettings = {
				ASSETCATALOG_COMPILER_APPICON_NAME = AppIcon;
				ASSETCATALOG_COMPILER_GLOBAL_ACCENT_COLOR_NAME = AccentColor;
				ASSETCATALOG_COMPILER_INCLUDE_ALL_APPICON_ASSETS = YES;
				CODE_SIGN_STYLE = Automatic;
				CURRENT_PROJECT_VERSION = 1;
				ENABLE_PREVIEWS = YES;
				GENERATE_INFOPLIST_FILE = YES;
				INFOPLIST_KEY_UIApplicationSceneManifest_Generation = YES;
				INFOPLIST_KEY_UIApplicationSupportsIndirectInputEvents = YES;
				INFOPLIST_KEY_UILaunchScreen_Generation = YES;
				INFOPLIST_KEY_UILaunchStoryboardName = "Launch Screen";
				INFOPLIST_KEY_UISupportedInterfaceOrientations_iPad = "UIInterfaceOrientationPortrait UIInterfaceOrientationPortraitUpsideDown UIInterfaceOrientationLandscapeLeft UIInterfaceOrientationLandscapeRight";
				INFOPLIST_KEY_UISupportedInterfaceOrientations_iPhone = "UIInterfaceOrientationPortrait UIInterfaceOrientationLandscapeLeft UIInterfaceOrientationLandscapeRight";
				LD_RUNPATH_SEARCH_PATHS = (
					"$(inherited)",
					"@executable_path/Frameworks",
				);
				MARKETING_VERSION = 1.0;
				PRODUCT_BUNDLE_IDENTIFIER = com.application.estatia;
				PRODUCT_NAME = "$(TARGET_NAME)";
				SWIFT_EMIT_LOC_STRINGS = YES;
				SWIFT_VERSION = 5.0;
				TARGETED_DEVICE_FAMILY = "1,2";
			};
			name = Release;
		};
		5AA8A6782DC3952200F71CEF /* Debug */ = {
			isa = XCBuildConfiguration;
			buildSettings = {
				BUNDLE_LOADER = "$(TEST_HOST)";
				CODE_SIGN_STYLE = Automatic;
				CURRENT_PROJECT_VERSION = 1;
				GENERATE_INFOPLIST_FILE = YES;
				IPHONEOS_DEPLOYMENT_TARGET = 18.4;
				MARKETING_VERSION = 1.0;
				PRODUCT_BUNDLE_IDENTIFIER = com.application.estatiaTests;
				PRODUCT_NAME = "$(TARGET_NAME)";
				SWIFT_EMIT_LOC_STRINGS = NO;
				SWIFT_VERSION = 5.0;
				TARGETED_DEVICE_FAMILY = "1,2";
				TEST_HOST = "$(BUILT_PRODUCTS_DIR)/estatia.app/$(BUNDLE_EXECUTABLE_FOLDER_PATH)/estatia";
			};
			name = Debug;
		};
		5AA8A6792DC3952200F71CEF /* Release */ = {
			isa = XCBuildConfiguration;
			buildSettings = {
				BUNDLE_LOADER = "$(TEST_HOST)";
				CODE_SIGN_STYLE = Automatic;
				CURRENT_PROJECT_VERSION = 1;
				GENERATE_INFOPLIST_FILE = YES;
				IPHONEOS_DEPLOYMENT_TARGET = 18.4;
				MARKETING_VERSION = 1.0;
				PRODUCT_BUNDLE_IDENTIFIER = com.application.estatiaTests;
				PRODUCT_NAME = "$(TARGET_NAME)";
				SWIFT_EMIT_LOC_STRINGS = NO;
				SWIFT_VERSION = 5.0;
				TARGETED_DEVICE_FAMILY = "1,2";
				TEST_HOST = "$(BUILT_PRODUCTS_DIR)/estatia.app/$(BUNDLE_EXECUTABLE_FOLDER_PATH)/estatia";
			};
			name = Release;
		};
		5AA8A67B2DC3952200F71CEF /* Debug */ = {
			isa = XCBuildConfiguration;
			buildSettings = {
				CODE_SIGN_STYLE = Automatic;
				CURRENT_PROJECT_VERSION = 1;
				GENERATE_INFOPLIST_FILE = YES;
				MARKETING_VERSION = 1.0;
				PRODUCT_BUNDLE_IDENTIFIER = com.application.estatiaUITests;
				PRODUCT_NAME = "$(TARGET_NAME)";
				SWIFT_EMIT_LOC_STRINGS = NO;
				SWIFT_VERSION = 5.0;
				TARGETED_DEVICE_FAMILY = "1,2";
				TEST_TARGET_NAME = estatia;
			};
			name = Debug;
		};
		5AA8A67C2DC3952200F71CEF /* Release */ = {
			isa = XCBuildConfiguration;
			buildSettings = {
				CODE_SIGN_STYLE = Automatic;
				CURRENT_PROJECT_VERSION = 1;
				GENERATE_INFOPLIST_FILE = YES;
				MARKETING_VERSION = 1.0;
				PRODUCT_BUNDLE_IDENTIFIER = com.application.estatiaUITests;
				PRODUCT_NAME = "$(TARGET_NAME)";
				SWIFT_EMIT_LOC_STRINGS = NO;
				SWIFT_VERSION = 5.0;
				TARGETED_DEVICE_FAMILY = "1,2";
				TEST_TARGET_NAME = estatia;
			};
			name = Release;
		};
/* End XCBuildConfiguration section */

/* Begin XCConfigurationList section */
		5AA8A64E2DC3952000F71CEF /* Build configuration list for PBXProject "estatia" */ = {
			isa = XCConfigurationList;
			buildConfigurations = (
				5AA8A6722DC3952200F71CEF /* Debug */,
				5AA8A6732DC3952200F71CEF /* Release */,
			);
			defaultConfigurationIsVisible = 0;
			defaultConfigurationName = Release;
		};
		5AA8A6742DC3952200F71CEF /* Build configuration list for PBXNativeTarget "estatia" */ = {
			isa = XCConfigurationList;
			buildConfigurations = (
				5AA8A6752DC3952200F71CEF /* Debug */,
				5AA8A6762DC3952200F71CEF /* Release */,
			);
			defaultConfigurationIsVisible = 0;
			defaultConfigurationName = Release;
		};
		5AA8A6772DC3952200F71CEF /* Build configuration list for PBXNativeTarget "estatiaTests" */ = {
			isa = XCConfigurationList;
			buildConfigurations = (
				5AA8A6782DC3952200F71CEF /* Debug */,
				5AA8A6792DC3952200F71CEF /* Release */,
			);
			defaultConfigurationIsVisible = 0;
			defaultConfigurationName = Release;
		};
		5AA8A67A2DC3952200F71CEF /* Build configuration list for PBXNativeTarget "estatiaUITests" */ = {
			isa = XCConfigurationList;
			buildConfigurations = (
				5AA8A67B2DC3952200F71CEF /* Debug */,
				5AA8A67C2DC3952200F71CEF /* Release */,
			);
			defaultConfigurationIsVisible = 0;
			defaultConfigurationName = Release;
		};
/* End XCConfigurationList section */

/* Begin XCLocalSwiftPackageReference section */
		5AEDBD682F6F172800F773A3 /* XCLocalSwiftPackageReference "packages/CoreAnalytics" */ = {
			isa = XCLocalSwiftPackageReference;
			relativePath = packages/CoreAnalytics;
		};
		5AEDBD6B2F6F176600F773A3 /* XCLocalSwiftPackageReference "packages/CoreCommon" */ = {
			isa = XCLocalSwiftPackageReference;
			relativePath = packages/CoreCommon;
		};
		5AEDBD6E2F6F17A300F773A3 /* XCLocalSwiftPackageReference "packages/CoreData" */ = {
			isa = XCLocalSwiftPackageReference;
			relativePath = packages/CoreData;
		};
		5AEDBD712F6F17DB00F773A3 /* XCLocalSwiftPackageReference "packages/CoreDatabase" */ = {
			isa = XCLocalSwiftPackageReference;
			relativePath = packages/CoreDatabase;
		};
		5AEDBD742F6F181A00F773A3 /* XCLocalSwiftPackageReference "packages/CoreDomain" */ = {
			isa = XCLocalSwiftPackageReference;
			relativePath = packages/CoreDomain;
		};
		5AEDBD772F6F185900F773A3 /* XCLocalSwiftPackageReference "packages/CoreModel" */ = {
			isa = XCLocalSwiftPackageReference;
			relativePath = packages/CoreModel;
		};
		5AEDBD7A2F6F18AB00F773A3 /* XCLocalSwiftPackageReference "packages/CoreNetwork" */ = {
			isa = XCLocalSwiftPackageReference;
			relativePath = packages/CoreNetwork;
		};
		5AEDBD7D2F6F18DF00F773A3 /* XCLocalSwiftPackageReference "packages/CorePlayerEngine" */ = {
			isa = XCLocalSwiftPackageReference;
			relativePath = packages/CorePlayerEngine;
		};
		5AEDBD802F6F191400F773A3 /* XCLocalSwiftPackageReference "packages/CorePlayerUI" */ = {
			isa = XCLocalSwiftPackageReference;
			relativePath = packages/CorePlayerUI;
		};
		5AEDBD832F6F194400F773A3 /* XCLocalSwiftPackageReference "packages/CoreSecurity" */ = {
			isa = XCLocalSwiftPackageReference;
			relativePath = packages/CoreSecurity;
		};
		5AEDBD862F6F197700F773A3 /* XCLocalSwiftPackageReference "packages/CoreTesting" */ = {
			isa = XCLocalSwiftPackageReference;
			relativePath = packages/CoreTesting;
		};
		5AEDBD892F6F19A800F773A3 /* XCLocalSwiftPackageReference "packages/CoreUI" */ = {
			isa = XCLocalSwiftPackageReference;
			relativePath = packages/CoreUI;
		};
		5AEDBD8C2F6F19E200F773A3 /* XCLocalSwiftPackageReference "packages/FeatureAuth" */ = {
			isa = XCLocalSwiftPackageReference;
			relativePath = packages/FeatureAuth;
		};
		5AEDBD8F2F6F1A1F00F773A3 /* XCLocalSwiftPackageReference "packages/FeatureChats" */ = {
			isa = XCLocalSwiftPackageReference;
			relativePath = packages/FeatureChats;
		};
		5AEDBD922F6F1A5700F773A3 /* XCLocalSwiftPackageReference "packages/FeatureComments" */ = {
			isa = XCLocalSwiftPackageReference;
			relativePath = packages/FeatureComments;
		};
		5AEDBD952F6F1A8E00F773A3 /* XCLocalSwiftPackageReference "packages/FeatureFavorites" */ = {
			isa = XCLocalSwiftPackageReference;
			relativePath = packages/FeatureFavorites;
		};
		5AEDBD982F6F1AC400F773A3 /* XCLocalSwiftPackageReference "packages/FeatureHome" */ = {
			isa = XCLocalSwiftPackageReference;
			relativePath = packages/FeatureHome;
		};
		5AEDBD9B2F6F1B1E00F773A3 /* XCLocalSwiftPackageReference "packages/FeatureIntelligence" */ = {
			isa = XCLocalSwiftPackageReference;
			relativePath = packages/FeatureIntelligence;
		};
		5AEDBD9E2F6F1B5700F773A3 /* XCLocalSwiftPackageReference "packages/FeatureMarket" */ = {
			isa = XCLocalSwiftPackageReference;
			relativePath = packages/FeatureMarket;
		};
		5AEDBDA12F6F1B9100F773A3 /* XCLocalSwiftPackageReference "packages/FeatureNotifications" */ = {
			isa = XCLocalSwiftPackageReference;
			relativePath = packages/FeatureNotifications;
		};
		5AEDBDA42F6F1C4C00F773A3 /* XCLocalSwiftPackageReference "packages/FeaturePayments" */ = {
			isa = XCLocalSwiftPackageReference;
			relativePath = packages/FeaturePayments;
		};
		5AEDBDA72F6F1C8900F773A3 /* XCLocalSwiftPackageReference "packages/FeatureProfile" */ = {
			isa = XCLocalSwiftPackageReference;
			relativePath = packages/FeatureProfile;
		};
		5AEDBDAA2F6F1CC800F773A3 /* XCLocalSwiftPackageReference "packages/FeatureProperty" */ = {
			isa = XCLocalSwiftPackageReference;
			relativePath = packages/FeatureProperty;
		};
		5AEDBDAD2F6F1CFC00F773A3 /* XCLocalSwiftPackageReference "packages/FeatureSearch" */ = {
			isa = XCLocalSwiftPackageReference;
			relativePath = packages/FeatureSearch;
		};
		5AEDBDB02F6F1D2F00F773A3 /* XCLocalSwiftPackageReference "packages/FeatureService" */ = {
			isa = XCLocalSwiftPackageReference;
			relativePath = packages/FeatureService;
		};
		5AEDBDB32F6F1D5D00F773A3 /* XCLocalSwiftPackageReference "packages/FeatureSettings" */ = {
			isa = XCLocalSwiftPackageReference;
			relativePath = packages/FeatureSettings;
		};
/* End XCLocalSwiftPackageReference section */

/* Begin XCRemoteSwiftPackageReference section */
		5A1694272DC62E2800245881 /* XCRemoteSwiftPackageReference "firebase-ios-sdk" */ = {
			isa = XCRemoteSwiftPackageReference;
			repositoryURL = "https://github.com/firebase/firebase-ios-sdk";
			requirement = {
				kind = upToNextMajorVersion;
				minimumVersion = 11.12.0;
			};
		};
/* End XCRemoteSwiftPackageReference section */

/* Begin XCSwiftPackageProductDependency section */
		5A1694282DC62E2800245881 /* FirebaseAnalytics */ = {
			isa = XCSwiftPackageProductDependency;
			package = 5A1694272DC62E2800245881 /* XCRemoteSwiftPackageReference "firebase-ios-sdk" */;
			productName = FirebaseAnalytics;
		};
		5A16942A2DC62E2800245881 /* FirebaseAnalyticsOnDeviceConversion */ = {
			isa = XCSwiftPackageProductDependency;
			package = 5A1694272DC62E2800245881 /* XCRemoteSwiftPackageReference "firebase-ios-sdk" */;
			productName = FirebaseAnalyticsOnDeviceConversion;
		};
		5A16942C2DC62E2800245881 /* FirebaseAnalyticsWithoutAdIdSupport */ = {
			isa = XCSwiftPackageProductDependency;
			package = 5A1694272DC62E2800245881 /* XCRemoteSwiftPackageReference "firebase-ios-sdk" */;
			productName = FirebaseAnalyticsWithoutAdIdSupport;
		};
		5A16942E2DC62E2800245881 /* FirebaseAppCheck */ = {
			isa = XCSwiftPackageProductDependency;
			package = 5A1694272DC62E2800245881 /* XCRemoteSwiftPackageReference "firebase-ios-sdk" */;
			productName = FirebaseAppCheck;
		};
		5A1694302DC62E2800245881 /* FirebaseAppDistribution-Beta */ = {
			isa = XCSwiftPackageProductDependency;
			package = 5A1694272DC62E2800245881 /* XCRemoteSwiftPackageReference "firebase-ios-sdk" */;
			productName = "FirebaseAppDistribution-Beta";
		};
		5A1694322DC62E2800245881 /* FirebaseAuth */ = {
			isa = XCSwiftPackageProductDependency;
			package = 5A1694272DC62E2800245881 /* XCRemoteSwiftPackageReference "firebase-ios-sdk" */;
			productName = FirebaseAuth;
		};
		5A1694362DC62E2800245881 /* FirebaseCore */ = {
			isa = XCSwiftPackageProductDependency;
			package = 5A1694272DC62E2800245881 /* XCRemoteSwiftPackageReference "firebase-ios-sdk" */;
			productName = FirebaseCore;
		};
		5A1694382DC62E2800245881 /* FirebaseCrashlytics */ = {
			isa = XCSwiftPackageProductDependency;
			package = 5A1694272DC62E2800245881 /* XCRemoteSwiftPackageReference "firebase-ios-sdk" */;
			productName = FirebaseCrashlytics;
		};
		5A16943A2DC62E2800245881 /* FirebaseDatabase */ = {
			isa = XCSwiftPackageProductDependency;
			package = 5A1694272DC62E2800245881 /* XCRemoteSwiftPackageReference "firebase-ios-sdk" */;
			productName = FirebaseDatabase;
		};
		5A16943C2DC62E2800245881 /* FirebaseDynamicLinks */ = {
			isa = XCSwiftPackageProductDependency;
			package = 5A1694272DC62E2800245881 /* XCRemoteSwiftPackageReference "firebase-ios-sdk" */;
			productName = FirebaseDynamicLinks;
		};
		5A16943E2DC62E2800245881 /* FirebaseFirestore */ = {
			isa = XCSwiftPackageProductDependency;
			package = 5A1694272DC62E2800245881 /* XCRemoteSwiftPackageReference "firebase-ios-sdk" */;
			productName = FirebaseFirestore;
		};
		5A1694422DC62E2800245881 /* FirebaseFunctions */ = {
			isa = XCSwiftPackageProductDependency;
			package = 5A1694272DC62E2800245881 /* XCRemoteSwiftPackageReference "firebase-ios-sdk" */;
			productName = FirebaseFunctions;
		};
		5A1694462DC62E2800245881 /* FirebaseInAppMessaging-Beta */ = {
			isa = XCSwiftPackageProductDependency;
			package = 5A1694272DC62E2800245881 /* XCRemoteSwiftPackageReference "firebase-ios-sdk" */;
			productName = "FirebaseInAppMessaging-Beta";
		};
		5A1694482DC62E2800245881 /* FirebaseInstallations */ = {
			isa = XCSwiftPackageProductDependency;
			package = 5A1694272DC62E2800245881 /* XCRemoteSwiftPackageReference "firebase-ios-sdk" */;
			productName = FirebaseInstallations;
		};
		5A16944A2DC62E2800245881 /* FirebaseMLModelDownloader */ = {
			isa = XCSwiftPackageProductDependency;
			package = 5A1694272DC62E2800245881 /* XCRemoteSwiftPackageReference "firebase-ios-sdk" */;
			productName = FirebaseMLModelDownloader;
		};
		5A16944C2DC62E2800245881 /* FirebaseMessaging */ = {
			isa = XCSwiftPackageProductDependency;
			package = 5A1694272DC62E2800245881 /* XCRemoteSwiftPackageReference "firebase-ios-sdk" */;
			productName = FirebaseMessaging;
		};
		5A16944E2DC62E2800245881 /* FirebasePerformance */ = {
			isa = XCSwiftPackageProductDependency;
			package = 5A1694272DC62E2800245881 /* XCRemoteSwiftPackageReference "firebase-ios-sdk" */;
			productName = FirebasePerformance;
		};
		5A1694502DC62E2800245881 /* FirebaseRemoteConfig */ = {
			isa = XCSwiftPackageProductDependency;
			package = 5A1694272DC62E2800245881 /* XCRemoteSwiftPackageReference "firebase-ios-sdk" */;
			productName = FirebaseRemoteConfig;
		};
		5A1694522DC62E2800245881 /* FirebaseStorage */ = {
			isa = XCSwiftPackageProductDependency;
			package = 5A1694272DC62E2800245881 /* XCRemoteSwiftPackageReference "firebase-ios-sdk" */;
			productName = FirebaseStorage;
		};
		5A1694562DC62E2800245881 /* FirebaseVertexAI */ = {
			isa = XCSwiftPackageProductDependency;
			package = 5A1694272DC62E2800245881 /* XCRemoteSwiftPackageReference "firebase-ios-sdk" */;
			productName = FirebaseVertexAI;
		};
		5A392A4F2F69DEC4003CE8F2 /* model */ = {
			isa = XCSwiftPackageProductDependency;
			productName = model;
		};
		5A392A612F69E0EB003CE8F2 /* analytics */ = {
			isa = XCSwiftPackageProductDependency;
			productName = analytics;
		};
		5A392A642F69E136003CE8F2 /* common */ = {
			isa = XCSwiftPackageProductDependency;
			productName = common;
		};
		5A392A672F69E212003CE8F2 /* data */ = {
			isa = XCSwiftPackageProductDependency;
			productName = data;
		};
		5A392A6A2F69E256003CE8F2 /* database */ = {
			isa = XCSwiftPackageProductDependency;
			productName = database;
		};
		5A392A6D2F69E29D003CE8F2 /* domain */ = {
			isa = XCSwiftPackageProductDependency;
			productName = domain;
		};
		5A70DF4A2F6A9CAD0075AF00 /* model */ = {
			isa = XCSwiftPackageProductDependency;
			productName = model;
		};
		5A70DF4D2F6A9CE20075AF00 /* network */ = {
			isa = XCSwiftPackageProductDependency;
			productName = network;
		};
		5A70DF502F6A9D110075AF00 /* notifications */ = {
			isa = XCSwiftPackageProductDependency;
			productName = notifications;
		};
		5A70DF532F6A9D7C0075AF00 /* PlayerEngine */ = {
			isa = XCSwiftPackageProductDependency;
			productName = PlayerEngine;
		};
		5A70DF562F6A9DB30075AF00 /* PlayerUI */ = {
			isa = XCSwiftPackageProductDependency;
			productName = PlayerUI;
		};
		5A70DF592F6A9E3A0075AF00 /* security */ = {
			isa = XCSwiftPackageProductDependency;
			productName = security;
		};
		5A70DF5C2F6A9E7D0075AF00 /* testing */ = {
			isa = XCSwiftPackageProductDependency;
			productName = testing;
		};
		5A70DF5F2F6A9ED10075AF00 /* ui */ = {
			isa = XCSwiftPackageProductDependency;
			productName = ui;
		};
		5A70DF622F6A9F660075AF00 /* auth */ = {
			isa = XCSwiftPackageProductDependency;
			productName = auth;
		};
		5A70DF652F6A9FAD0075AF00 /* chats */ = {
			isa = XCSwiftPackageProductDependency;
			productName = chats;
		};
		5A70DF682F6A9FFB0075AF00 /* comments */ = {
			isa = XCSwiftPackageProductDependency;
			productName = comments;
		};
		5A70DF6B2F6AA03D0075AF00 /* favorites */ = {
			isa = XCSwiftPackageProductDependency;
			productName = favorites;
		};
		5A70DF6E2F6AA0910075AF00 /* home */ = {
			isa = XCSwiftPackageProductDependency;
			productName = home;
		};
		5A70DF712F6AA0DF0075AF00 /* intelligence */ = {
			isa = XCSwiftPackageProductDependency;
			productName = intelligence;
		};
		5A70DF742F6AA1250075AF00 /* market */ = {
			isa = XCSwiftPackageProductDependency;
			productName = market;
		};
		5A70DF772F6AA16E0075AF00 /* payments */ = {
			isa = XCSwiftPackageProductDependency;
			productName = payments;
		};
		5A70DF7A2F6AA2080075AF00 /* player */ = {
			isa = XCSwiftPackageProductDependency;
			productName = player;
		};
		5A70DF7D2F6AA2C90075AF00 /* profile */ = {
			isa = XCSwiftPackageProductDependency;
			productName = profile;
		};
		5A70DF802F6AA31F0075AF00 /* property */ = {
			isa = XCSwiftPackageProductDependency;
			productName = property;
		};
		5A70DF832F6AA3660075AF00 /* search */ = {
			isa = XCSwiftPackageProductDependency;
			productName = search;
		};
		5A70DF862F6AA3AA0075AF00 /* service */ = {
			isa = XCSwiftPackageProductDependency;
			productName = service;
		};
		5A70DF892F6AA3E80075AF00 /* settings */ = {
			isa = XCSwiftPackageProductDependency;
			productName = settings;
		};
		5AEDBD692F6F172800F773A3 /* CoreAnalytics */ = {
			isa = XCSwiftPackageProductDependency;
			productName = CoreAnalytics;
		};
		5AEDBD6C2F6F176600F773A3 /* CoreCommon */ = {
			isa = XCSwiftPackageProductDependency;
			productName = CoreCommon;
		};
		5AEDBD6F2F6F17A300F773A3 /* CoreData */ = {
			isa = XCSwiftPackageProductDependency;
			productName = CoreData;
		};
		5AEDBD722F6F17DB00F773A3 /* CoreDatabase */ = {
			isa = XCSwiftPackageProductDependency;
			productName = CoreDatabase;
		};
		5AEDBD752F6F181A00F773A3 /* CoreDomain */ = {
			isa = XCSwiftPackageProductDependency;
			productName = CoreDomain;
		};
		5AEDBD782F6F185900F773A3 /* CoreModel */ = {
			isa = XCSwiftPackageProductDependency;
			productName = CoreModel;
		};
		5AEDBD7B2F6F18AB00F773A3 /* CoreNetwork */ = {
			isa = XCSwiftPackageProductDependency;
			productName = CoreNetwork;
		};
		5AEDBD7E2F6F18DF00F773A3 /* CorePlayerEngine */ = {
			isa = XCSwiftPackageProductDependency;
			productName = CorePlayerEngine;
		};
		5AEDBD812F6F191400F773A3 /* CorePlayerUI */ = {
			isa = XCSwiftPackageProductDependency;
			productName = CorePlayerUI;
		};
		5AEDBD842F6F194400F773A3 /* CoreSecurity */ = {
			isa = XCSwiftPackageProductDependency;
			productName = CoreSecurity;
		};
		5AEDBD872F6F197700F773A3 /* CoreTesting */ = {
			isa = XCSwiftPackageProductDependency;
			productName = CoreTesting;
		};
		5AEDBD8A2F6F19A800F773A3 /* CoreUI */ = {
			isa = XCSwiftPackageProductDependency;
			productName = CoreUI;
		};
		5AEDBD8D2F6F19E200F773A3 /* FeatureAuth */ = {
			isa = XCSwiftPackageProductDependency;
			productName = FeatureAuth;
		};
		5AEDBD902F6F1A1F00F773A3 /* FeatureChats */ = {
			isa = XCSwiftPackageProductDependency;
			productName = FeatureChats;
		};
		5AEDBD932F6F1A5700F773A3 /* FeatureComments */ = {
			isa = XCSwiftPackageProductDependency;
			productName = FeatureComments;
		};
		5AEDBD962F6F1A8E00F773A3 /* FeatureFavorites */ = {
			isa = XCSwiftPackageProductDependency;
			productName = FeatureFavorites;
		};
		5AEDBD992F6F1AC400F773A3 /* FeatureHome */ = {
			isa = XCSwiftPackageProductDependency;
			productName = FeatureHome;
		};
		5AEDBD9C2F6F1B1E00F773A3 /* FeatureIntelligence */ = {
			isa = XCSwiftPackageProductDependency;
			productName = FeatureIntelligence;
		};
		5AEDBD9F2F6F1B5700F773A3 /* FeatureMarket */ = {
			isa = XCSwiftPackageProductDependency;
			productName = FeatureMarket;
		};
		5AEDBDA22F6F1B9100F773A3 /* CoreNotifications */ = {
			isa = XCSwiftPackageProductDependency;
			productName = CoreNotifications;
		};
		5AEDBDA52F6F1C4C00F773A3 /* FeaturePayments */ = {
			isa = XCSwiftPackageProductDependency;
			productName = FeaturePayments;
		};
		5AEDBDA82F6F1C8A00F773A3 /* FeatureProfile */ = {
			isa = XCSwiftPackageProductDependency;
			productName = FeatureProfile;
		};
		5AEDBDAB2F6F1CC800F773A3 /* FeatureProperty */ = {
			isa = XCSwiftPackageProductDependency;
			productName = FeatureProperty;
		};
		5AEDBDAE2F6F1CFC00F773A3 /* FeatureSearch */ = {
			isa = XCSwiftPackageProductDependency;
			productName = FeatureSearch;
		};
		5AEDBDB12F6F1D2F00F773A3 /* FeatureService */ = {
			isa = XCSwiftPackageProductDependency;
			productName = FeatureService;
		};
		5AEDBDB42F6F1D5D00F773A3 /* FeatureSettings */ = {
			isa = XCSwiftPackageProductDependency;
			productName = FeatureSettings;
		};
/* End XCSwiftPackageProductDependency section */
	};
	rootObject = 5AA8A64B2DC3952000F71CEF /* Project object */;
}
